// !$*UTF8*$!
{
	archiveVersion = 1;
	classes = {
	};
	objectVersion = 56;
	objects = {

/* Begin PBXBuildFile section */
		A21BAD892B791322008D995C /* AppDelegate.swift in Sources */ = {isa = PBXBuildFile; fileRef = A21BAD882B791322008D995C /* AppDelegate.swift */; };
		A21BAD8B2B791322008D995C /* SceneDelegate.swift in Sources */ = {isa = PBXBuildFile; fileRef = A21BAD8A2B791322008D995C /* SceneDelegate.swift */; };
		A21BAD922B791324008D995C /* Assets.xcassets in Resources */ = {isa = PBXBuildFile; fileRef = A21BAD912B791324008D995C /* Assets.xcassets */; };
		A21BAD952B791324008D995C /* LaunchScreen.storyboard in Resources */ = {isa = PBXBuildFile; fileRef = A21BAD932B791324008D995C /* LaunchScreen.storyboard */; };
		A21BADBC2B7918D7008D995C /* LoginVC.swift in Sources */ = {isa = PBXBuildFile; fileRef = A21BADBB2B7918D7008D995C /* LoginVC.swift */; };
		A21BADC12B791CC8008D995C /* swiftgen.yml in Resources */ = {isa = PBXBuildFile; fileRef = A21BADC02B791CC8008D995C /* swiftgen.yml */; };
		A21BADD42B792721008D995C /* LoginSnapshotTests.swift in Sources */ = {isa = PBXBuildFile; fileRef = A21BADCA2B791FF5008D995C /* LoginSnapshotTests.swift */; };
		A21BADD52B792726008D995C /* XCTestCase+Snapshot.swift in Sources */ = {isa = PBXBuildFile; fileRef = A21BADC62B791FC7008D995C /* XCTestCase+Snapshot.swift */; };
		A21BADD62B79272B008D995C /* UIViewController+Snapshot.swift in Sources */ = {isa = PBXBuildFile; fileRef = A21BADC32B791D4D008D995C /* UIViewController+Snapshot.swift */; };
		A21BADD82B7928C8008D995C /* DecisiveUITests.swift in Sources */ = {isa = PBXBuildFile; fileRef = A21BADD72B7928C8008D995C /* DecisiveUITests.swift */; };
		A21BADDC2B79438F008D995C /* CustomTextField.swift in Sources */ = {isa = PBXBuildFile; fileRef = A21BADDB2B79438F008D995C /* CustomTextField.swift */; };
		A21BADDE2B79440D008D995C /* Colors.xcassets in Resources */ = {isa = PBXBuildFile; fileRef = A21BADDD2B79440D008D995C /* Colors.xcassets */; };
		A21BADE02B79459B008D995C /* CustomButton.swift in Sources */ = {isa = PBXBuildFile; fileRef = A21BADDF2B79459B008D995C /* CustomButton.swift */; };
/* End PBXBuildFile section */

/* Begin PBXContainerItemProxy section */
		A21BAD9C2B791324008D995C /* PBXContainerItemProxy */ = {
			isa = PBXContainerItemProxy;
			containerPortal = A21BAD7D2B791322008D995C /* Project object */;
			proxyType = 1;
			remoteGlobalIDString = A21BAD842B791322008D995C;
			remoteInfo = Decisive;
		};
		A21BADA62B791324008D995C /* PBXContainerItemProxy */ = {
			isa = PBXContainerItemProxy;
			containerPortal = A21BAD7D2B791322008D995C /* Project object */;
			proxyType = 1;
			remoteGlobalIDString = A21BAD842B791322008D995C;
			remoteInfo = Decisive;
		};
/* End PBXContainerItemProxy section */

/* Begin PBXFileReference section */
		A21BAD852B791322008D995C /* Decisive.app */ = {isa = PBXFileReference; explicitFileType = wrapper.application; includeInIndex = 0; path = Decisive.app; sourceTree = BUILT_PRODUCTS_DIR; };
		A21BAD882B791322008D995C /* AppDelegate.swift */ = {isa = PBXFileReference; lastKnownFileType = sourcecode.swift; path = AppDelegate.swift; sourceTree = "<group>"; };
		A21BAD8A2B791322008D995C /* SceneDelegate.swift */ = {isa = PBXFileReference; lastKnownFileType = sourcecode.swift; path = SceneDelegate.swift; sourceTree = "<group>"; };
		A21BAD912B791324008D995C /* Assets.xcassets */ = {isa = PBXFileReference; lastKnownFileType = folder.assetcatalog; path = Assets.xcassets; sourceTree = "<group>"; };
		A21BAD942B791324008D995C /* Base */ = {isa = PBXFileReference; lastKnownFileType = file.storyboard; name = Base; path = Base.lproj/LaunchScreen.storyboard; sourceTree = "<group>"; };
		A21BAD962B791324008D995C /* Info.plist */ = {isa = PBXFileReference; lastKnownFileType = text.plist.xml; path = Info.plist; sourceTree = "<group>"; };
		A21BAD9B2B791324008D995C /* DecisiveTests.xctest */ = {isa = PBXFileReference; explicitFileType = wrapper.cfbundle; includeInIndex = 0; path = DecisiveTests.xctest; sourceTree = BUILT_PRODUCTS_DIR; };
		A21BADA52B791324008D995C /* DecisiveUITests.xctest */ = {isa = PBXFileReference; explicitFileType = wrapper.cfbundle; includeInIndex = 0; path = DecisiveUITests.xctest; sourceTree = BUILT_PRODUCTS_DIR; };
		A21BADBB2B7918D7008D995C /* LoginVC.swift */ = {isa = PBXFileReference; lastKnownFileType = sourcecode.swift; path = LoginVC.swift; sourceTree = "<group>"; };
		A21BADC02B791CC8008D995C /* swiftgen.yml */ = {isa = PBXFileReference; fileEncoding = 4; lastKnownFileType = text.yaml; path = swiftgen.yml; sourceTree = "<group>"; };
		A21BADC32B791D4D008D995C /* UIViewController+Snapshot.swift */ = {isa = PBXFileReference; lastKnownFileType = sourcecode.swift; path = "UIViewController+Snapshot.swift"; sourceTree = "<group>"; };
		A21BADC62B791FC7008D995C /* XCTestCase+Snapshot.swift */ = {isa = PBXFileReference; lastKnownFileType = sourcecode.swift; path = "XCTestCase+Snapshot.swift"; sourceTree = "<group>"; };
		A21BADCA2B791FF5008D995C /* LoginSnapshotTests.swift */ = {isa = PBXFileReference; lastKnownFileType = sourcecode.swift; path = LoginSnapshotTests.swift; sourceTree = "<group>"; };
		A21BADD72B7928C8008D995C /* DecisiveUITests.swift */ = {isa = PBXFileReference; lastKnownFileType = sourcecode.swift; path = DecisiveUITests.swift; sourceTree = "<group>"; };
		A21BADDB2B79438F008D995C /* CustomTextField.swift */ = {isa = PBXFileReference; lastKnownFileType = sourcecode.swift; path = CustomTextField.swift; sourceTree = "<group>"; };
		A21BADDD2B79440D008D995C /* Colors.xcassets */ = {isa = PBXFileReference; lastKnownFileType = folder.assetcatalog; path = Colors.xcassets; sourceTree = "<group>"; };
		A21BADDF2B79459B008D995C /* CustomButton.swift */ = {isa = PBXFileReference; lastKnownFileType = sourcecode.swift; path = CustomButton.swift; sourceTree = "<group>"; };
/* End PBXFileReference section */

/* Begin PBXFrameworksBuildPhase section */
		A21BAD822B791322008D995C /* Frameworks */ = {
			isa = PBXFrameworksBuildPhase;
			buildActionMask = 2147483647;
			files = (
			);
			runOnlyForDeploymentPostprocessing = 0;
		};
		A21BAD982B791324008D995C /* Frameworks */ = {
			isa = PBXFrameworksBuildPhase;
			buildActionMask = 2147483647;
			files = (
			);
			runOnlyForDeploymentPostprocessing = 0;
		};
		A21BADA22B791324008D995C /* Frameworks */ = {
			isa = PBXFrameworksBuildPhase;
			buildActionMask = 2147483647;
			files = (
			);
			runOnlyForDeploymentPostprocessing = 0;
		};
/* End PBXFrameworksBuildPhase section */

/* Begin PBXGroup section */
		A21BAD7C2B791322008D995C = {
			isa = PBXGroup;
			children = (
				A21BAD872B791322008D995C /* Decisive */,
				A21BAD9E2B791324008D995C /* DecisiveTests */,
				A21BADA82B791324008D995C /* DecisiveUITests */,
				A21BAD862B791322008D995C /* Products */,
			);
			sourceTree = "<group>";
		};
		A21BAD862B791322008D995C /* Products */ = {
			isa = PBXGroup;
			children = (
				A21BAD852B791322008D995C /* Decisive.app */,
				A21BAD9B2B791324008D995C /* DecisiveTests.xctest */,
				A21BADA52B791324008D995C /* DecisiveUITests.xctest */,
			);
			name = Products;
			sourceTree = "<group>";
		};
		A21BAD872B791322008D995C /* Decisive */ = {
			isa = PBXGroup;
			children = (
				A21BADB92B7918C8008D995C /* Login */,
				A21BADB82B791373008D995C /* SupportingFiles */,
			);
			path = Decisive;
			sourceTree = "<group>";
		};
		A21BAD9E2B791324008D995C /* DecisiveTests */ = {
			isa = PBXGroup;
			children = (
				A21BADC22B791D10008D995C /* Helpers */,
				A21BADC82B791FDB008D995C /* Login */,
			);
			path = DecisiveTests;
			sourceTree = "<group>";
		};
		A21BADA82B791324008D995C /* DecisiveUITests */ = {
			isa = PBXGroup;
			children = (
				A21BADD72B7928C8008D995C /* DecisiveUITests.swift */,
			);
			path = DecisiveUITests;
			sourceTree = "<group>";
		};
		A21BADB82B791373008D995C /* SupportingFiles */ = {
			isa = PBXGroup;
			children = (
				A21BADD92B792967008D995C /* ViewManager */,
				A21BADC02B791CC8008D995C /* swiftgen.yml */,
				A21BAD882B791322008D995C /* AppDelegate.swift */,
				A21BAD8A2B791322008D995C /* SceneDelegate.swift */,
				A21BAD912B791324008D995C /* Assets.xcassets */,
				A21BADDD2B79440D008D995C /* Colors.xcassets */,
				A21BAD932B791324008D995C /* LaunchScreen.storyboard */,
				A21BAD962B791324008D995C /* Info.plist */,
			);
			path = SupportingFiles;
			sourceTree = "<group>";
		};
		A21BADB92B7918C8008D995C /* Login */ = {
			isa = PBXGroup;
			children = (
				A21BADBA2B7918CD008D995C /* Views */,
			);
			path = Login;
			sourceTree = "<group>";
		};
		A21BADBA2B7918CD008D995C /* Views */ = {
			isa = PBXGroup;
			children = (
				A21BADBB2B7918D7008D995C /* LoginVC.swift */,
			);
			path = Views;
			sourceTree = "<group>";
		};
		A21BADC22B791D10008D995C /* Helpers */ = {
			isa = PBXGroup;
			children = (
				A21BADC32B791D4D008D995C /* UIViewController+Snapshot.swift */,
				A21BADC62B791FC7008D995C /* XCTestCase+Snapshot.swift */,
			);
			path = Helpers;
			sourceTree = "<group>";
		};
		A21BADC82B791FDB008D995C /* Login */ = {
			isa = PBXGroup;
			children = (
				A21BADC92B791FDF008D995C /* SnapshotTests */,
			);
			path = Login;
			sourceTree = "<group>";
		};
		A21BADC92B791FDF008D995C /* SnapshotTests */ = {
			isa = PBXGroup;
			children = (
				A21BADCA2B791FF5008D995C /* LoginSnapshotTests.swift */,
			);
			path = SnapshotTests;
			sourceTree = "<group>";
		};
		A21BADD92B792967008D995C /* ViewManager */ = {
			isa = PBXGroup;
			children = (
				A21BADDB2B79438F008D995C /* CustomTextField.swift */,
				A21BADDF2B79459B008D995C /* CustomButton.swift */,
			);
			path = ViewManager;
			sourceTree = "<group>";
		};
/* End PBXGroup section */

/* Begin PBXNativeTarget section */
		A21BAD842B791322008D995C /* Decisive */ = {
			isa = PBXNativeTarget;
			buildConfigurationList = A21BADAF2B791324008D995C /* Build configuration list for PBXNativeTarget "Decisive" */;
			buildPhases = (
				A21BAD812B791322008D995C /* Sources */,
				A21BAD822B791322008D995C /* Frameworks */,
				A21BAD832B791322008D995C /* Resources */,
			);
			buildRules = (
			);
			dependencies = (
			);
			name = Decisive;
			productName = Decisive;
			productReference = A21BAD852B791322008D995C /* Decisive.app */;
			productType = "com.apple.product-type.application";
		};
		A21BAD9A2B791324008D995C /* DecisiveTests */ = {
			isa = PBXNativeTarget;
			buildConfigurationList = A21BADB22B791324008D995C /* Build configuration list for PBXNativeTarget "DecisiveTests" */;
			buildPhases = (
				A21BAD972B791324008D995C /* Sources */,
				A21BAD982B791324008D995C /* Frameworks */,
				A21BAD992B791324008D995C /* Resources */,
			);
			buildRules = (
			);
			dependencies = (
				A21BAD9D2B791324008D995C /* PBXTargetDependency */,
			);
			name = DecisiveTests;
			productName = DecisiveTests;
			productReference = A21BAD9B2B791324008D995C /* DecisiveTests.xctest */;
			productType = "com.apple.product-type.bundle.unit-test";
		};
		A21BADA42B791324008D995C /* DecisiveUITests */ = {
			isa = PBXNativeTarget;
			buildConfigurationList = A21BADB52B791324008D995C /* Build configuration list for PBXNativeTarget "DecisiveUITests" */;
			buildPhases = (
				A21BADA12B791324008D995C /* Sources */,
				A21BADA22B791324008D995C /* Frameworks */,
				A21BADA32B791324008D995C /* Resources */,
			);
			buildRules = (
			);
			dependencies = (
				A21BADA72B791324008D995C /* PBXTargetDependency */,
			);
			name = DecisiveUITests;
			productName = DecisiveUITests;
			productReference = A21BADA52B791324008D995C /* DecisiveUITests.xctest */;
			productType = "com.apple.product-type.bundle.ui-testing";
		};
/* End PBXNativeTarget section */

/* Begin PBXProject section */
		A21BAD7D2B791322008D995C /* Project object */ = {
			isa = PBXProject;
			attributes = {
				BuildIndependentTargetsInParallel = 1;
				LastSwiftUpdateCheck = 1520;
				LastUpgradeCheck = 1520;
				TargetAttributes = {
					A21BAD842B791322008D995C = {
						CreatedOnToolsVersion = 15.2;
					};
					A21BAD9A2B791324008D995C = {
						CreatedOnToolsVersion = 15.2;
						LastSwiftMigration = 1520;
						TestTargetID = A21BAD842B791322008D995C;
					};
					A21BADA42B791324008D995C = {
						CreatedOnToolsVersion = 15.2;
						LastSwiftMigration = 1520;
						TestTargetID = A21BAD842B791322008D995C;
					};
				};
			};
			buildConfigurationList = A21BAD802B791322008D995C /* Build configuration list for PBXProject "Decisive" */;
			compatibilityVersion = "Xcode 14.0";
			developmentRegion = en;
			hasScannedForEncodings = 0;
			knownRegions = (
				en,
				Base,
			);
			mainGroup = A21BAD7C2B791322008D995C;
			productRefGroup = A21BAD862B791322008D995C /* Products */;
			projectDirPath = "";
			projectRoot = "";
			targets = (
				A21BAD842B791322008D995C /* Decisive */,
				A21BAD9A2B791324008D995C /* DecisiveTests */,
				A21BADA42B791324008D995C /* DecisiveUITests */,
			);
		};
/* End PBXProject section */

/* Begin PBXResourcesBuildPhase section */
		A21BAD832B791322008D995C /* Resources */ = {
			isa = PBXResourcesBuildPhase;
			buildActionMask = 2147483647;
			files = (
				A21BAD952B791324008D995C /* LaunchScreen.storyboard in Resources */,
				A21BADDE2B79440D008D995C /* Colors.xcassets in Resources */,
				A21BAD922B791324008D995C /* Assets.xcassets in Resources */,
				A21BADC12B791CC8008D995C /* swiftgen.yml in Resources */,
			);
			runOnlyForDeploymentPostprocessing = 0;
		};
		A21BAD992B791324008D995C /* Resources */ = {
			isa = PBXResourcesBuildPhase;
			buildActionMask = 2147483647;
			files = (
			);
			runOnlyForDeploymentPostprocessing = 0;
		};
		A21BADA32B791324008D995C /* Resources */ = {
			isa = PBXResourcesBuildPhase;
			buildActionMask = 2147483647;
			files = (
			);
			runOnlyForDeploymentPostprocessing = 0;
		};
/* End PBXResourcesBuildPhase section */

/* Begin PBXSourcesBuildPhase section */
		A21BAD812B791322008D995C /* Sources */ = {
			isa = PBXSourcesBuildPhase;
			buildActionMask = 2147483647;
			files = (
				A21BADDC2B79438F008D995C /* CustomTextField.swift in Sources */,
				A21BAD892B791322008D995C /* AppDelegate.swift in Sources */,
				A21BADBC2B7918D7008D995C /* LoginVC.swift in Sources */,
				A21BAD8B2B791322008D995C /* SceneDelegate.swift in Sources */,
				A21BADE02B79459B008D995C /* CustomButton.swift in Sources */,
			);
			runOnlyForDeploymentPostprocessing = 0;
		};
		A21BAD972B791324008D995C /* Sources */ = {
			isa = PBXSourcesBuildPhase;
			buildActionMask = 2147483647;
			files = (
				A21BADD52B792726008D995C /* XCTestCase+Snapshot.swift in Sources */,
				A21BADD62B79272B008D995C /* UIViewController+Snapshot.swift in Sources */,
				A21BADD42B792721008D995C /* LoginSnapshotTests.swift in Sources */,
			);
			runOnlyForDeploymentPostprocessing = 0;
		};
		A21BADA12B791324008D995C /* Sources */ = {
			isa = PBXSourcesBuildPhase;
			buildActionMask = 2147483647;
			files = (
				A21BADD82B7928C8008D995C /* DecisiveUITests.swift in Sources */,
			);
			runOnlyForDeploymentPostprocessing = 0;
		};
/* End PBXSourcesBuildPhase section */

/* Begin PBXTargetDependency section */
		A21BAD9D2B791324008D995C /* PBXTargetDependency */ = {
			isa = PBXTargetDependency;
			target = A21BAD842B791322008D995C /* Decisive */;
			targetProxy = A21BAD9C2B791324008D995C /* PBXContainerItemProxy */;
		};
		A21BADA72B791324008D995C /* PBXTargetDependency */ = {
			isa = PBXTargetDependency;
			target = A21BAD842B791322008D995C /* Decisive */;
			targetProxy = A21BADA62B791324008D995C /* PBXContainerItemProxy */;
		};
/* End PBXTargetDependency section */

/* Begin PBXVariantGroup section */
		A21BAD932B791324008D995C /* LaunchScreen.storyboard */ = {
			isa = PBXVariantGroup;
			children = (
				A21BAD942B791324008D995C /* Base */,
			);
			name = LaunchScreen.storyboard;
			sourceTree = "<group>";
		};
/* End PBXVariantGroup section */

/* Begin XCBuildConfiguration section */
		A21BADAD2B791324008D995C /* Debug */ = {
			isa = XCBuildConfiguration;
			buildSettings = {
				ALWAYS_SEARCH_USER_PATHS = NO;
				ASSETCATALOG_COMPILER_GENERATE_SWIFT_ASSET_SYMBOL_EXTENSIONS = YES;
				CLANG_ANALYZER_NONNULL = YES;
				CLANG_ANALYZER_NUMBER_OBJECT_CONVERSION = YES_AGGRESSIVE;
				CLANG_CXX_LANGUAGE_STANDARD = "gnu++20";
				CLANG_ENABLE_MODULES = YES;
				CLANG_ENABLE_OBJC_ARC = YES;
				CLANG_ENABLE_OBJC_WEAK = YES;
				CLANG_WARN_BLOCK_CAPTURE_AUTORELEASING = YES;
				CLANG_WARN_BOOL_CONVERSION = YES;
				CLANG_WARN_COMMA = YES;
				CLANG_WARN_CONSTANT_CONVERSION = YES;
				CLANG_WARN_DEPRECATED_OBJC_IMPLEMENTATIONS = YES;
				CLANG_WARN_DIRECT_OBJC_ISA_USAGE = YES_ERROR;
				CLANG_WARN_DOCUMENTATION_COMMENTS = YES;
				CLANG_WARN_EMPTY_BODY = YES;
				CLANG_WARN_ENUM_CONVERSION = YES;
				CLANG_WARN_INFINITE_RECURSION = YES;
				CLANG_WARN_INT_CONVERSION = YES;
				CLANG_WARN_NON_LITERAL_NULL_CONVERSION = YES;
				CLANG_WARN_OBJC_IMPLICIT_RETAIN_SELF = YES;
				CLANG_WARN_OBJC_LITERAL_CONVERSION = YES;
				CLANG_WARN_OBJC_ROOT_CLASS = YES_ERROR;
				CLANG_WARN_QUOTED_INCLUDE_IN_FRAMEWORK_HEADER = YES;
				CLANG_WARN_RANGE_LOOP_ANALYSIS = YES;
				CLANG_WARN_STRICT_PROTOTYPES = YES;
				CLANG_WARN_SUSPICIOUS_MOVE = YES;
				CLANG_WARN_UNGUARDED_AVAILABILITY = YES_AGGRESSIVE;
				CLANG_WARN_UNREACHABLE_CODE = YES;
				CLANG_WARN__DUPLICATE_METHOD_MATCH = YES;
				COPY_PHASE_STRIP = NO;
				DEBUG_INFORMATION_FORMAT = dwarf;
				ENABLE_STRICT_OBJC_MSGSEND = YES;
				ENABLE_TESTABILITY = YES;
				ENABLE_USER_SCRIPT_SANDBOXING = YES;
				GCC_C_LANGUAGE_STANDARD = gnu17;
				GCC_DYNAMIC_NO_PIC = NO;
				GCC_NO_COMMON_BLOCKS = YES;
				GCC_OPTIMIZATION_LEVEL = 0;
				GCC_PREPROCESSOR_DEFINITIONS = (
					"DEBUG=1",
					"$(inherited)",
				);
				GCC_WARN_64_TO_32_BIT_CONVERSION = YES;
				GCC_WARN_ABOUT_RETURN_TYPE = YES_ERROR;
				GCC_WARN_UNDECLARED_SELECTOR = YES;
				GCC_WARN_UNINITIALIZED_AUTOS = YES_AGGRESSIVE;
				GCC_WARN_UNUSED_FUNCTION = YES;
				GCC_WARN_UNUSED_VARIABLE = YES;
				IPHONEOS_DEPLOYMENT_TARGET = 17.2;
				LOCALIZATION_PREFERS_STRING_CATALOGS = YES;
				MTL_ENABLE_DEBUG_INFO = INCLUDE_SOURCE;
				MTL_FAST_MATH = YES;
				ONLY_ACTIVE_ARCH = YES;
				SDKROOT = iphoneos;
				SWIFT_ACTIVE_COMPILATION_CONDITIONS = "DEBUG $(inherited)";
				SWIFT_OPTIMIZATION_LEVEL = "-Onone";
			};
			name = Debug;
		};
		A21BADAE2B791324008D995C /* Release */ = {
			isa = XCBuildConfiguration;
			buildSettings = {
				ALWAYS_SEARCH_USER_PATHS = NO;
				ASSETCATALOG_COMPILER_GENERATE_SWIFT_ASSET_SYMBOL_EXTENSIONS = YES;
				CLANG_ANALYZER_NONNULL = YES;
				CLANG_ANALYZER_NUMBER_OBJECT_CONVERSION = YES_AGGRESSIVE;
				CLANG_CXX_LANGUAGE_STANDARD = "gnu++20";
				CLANG_ENABLE_MODULES = YES;
				CLANG_ENABLE_OBJC_ARC = YES;
				CLANG_ENABLE_OBJC_WEAK = YES;
				CLANG_WARN_BLOCK_CAPTURE_AUTORELEASING = YES;
				CLANG_WARN_BOOL_CONVERSION = YES;
				CLANG_WARN_COMMA = YES;
				CLANG_WARN_CONSTANT_CONVERSION = YES;
				CLANG_WARN_DEPRECATED_OBJC_IMPLEMENTATIONS = YES;
				CLANG_WARN_DIRECT_OBJC_ISA_USAGE = YES_ERROR;
				CLANG_WARN_DOCUMENTATION_COMMENTS = YES;
				CLANG_WARN_EMPTY_BODY = YES;
				CLANG_WARN_ENUM_CONVERSION = YES;
				CLANG_WARN_INFINITE_RECURSION = YES;
				CLANG_WARN_INT_CONVERSION = YES;
				CLANG_WARN_NON_LITERAL_NULL_CONVERSION = YES;
				CLANG_WARN_OBJC_IMPLICIT_RETAIN_SELF = YES;
				CLANG_WARN_OBJC_LITERAL_CONVERSION = YES;
				CLANG_WARN_OBJC_ROOT_CLASS = YES_ERROR;
				CLANG_WARN_QUOTED_INCLUDE_IN_FRAMEWORK_HEADER = YES;
				CLANG_WARN_RANGE_LOOP_ANALYSIS = YES;
				CLANG_WARN_STRICT_PROTOTYPES = YES;
				CLANG_WARN_SUSPICIOUS_MOVE = YES;
				CLANG_WARN_UNGUARDED_AVAILABILITY = YES_AGGRESSIVE;
				CLANG_WARN_UNREACHABLE_CODE = YES;
				CLANG_WARN__DUPLICATE_METHOD_MATCH = YES;
				COPY_PHASE_STRIP = NO;
				DEBUG_INFORMATION_FORMAT = "dwarf-with-dsym";
				ENABLE_NS_ASSERTIONS = NO;
				ENABLE_STRICT_OBJC_MSGSEND = YES;
				ENABLE_USER_SCRIPT_SANDBOXING = YES;
				GCC_C_LANGUAGE_STANDARD = gnu17;
				GCC_NO_COMMON_BLOCKS = YES;
				GCC_WARN_64_TO_32_BIT_CONVERSION = YES;
				GCC_WARN_ABOUT_RETURN_TYPE = YES_ERROR;
				GCC_WARN_UNDECLARED_SELECTOR = YES;
				GCC_WARN_UNINITIALIZED_AUTOS = YES_AGGRESSIVE;
				GCC_WARN_UNUSED_FUNCTION = YES;
				GCC_WARN_UNUSED_VARIABLE = YES;
				IPHONEOS_DEPLOYMENT_TARGET = 17.2;
				LOCALIZATION_PREFERS_STRING_CATALOGS = YES;
				MTL_ENABLE_DEBUG_INFO = NO;
				MTL_FAST_MATH = YES;
				SDKROOT = iphoneos;
				SWIFT_COMPILATION_MODE = wholemodule;
				VALIDATE_PRODUCT = YES;
			};
			name = Release;
		};
		A21BADB02B791324008D995C /* Debug */ = {
			isa = XCBuildConfiguration;
			buildSettings = {
				ASSETCATALOG_COMPILER_APPICON_NAME = AppIcon;
				ASSETCATALOG_COMPILER_GLOBAL_ACCENT_COLOR_NAME = AccentColor;
				CODE_SIGN_STYLE = Automatic;
				CURRENT_PROJECT_VERSION = 1;
				DEVELOPMENT_TEAM = A5T33ABXDL;
				GENERATE_INFOPLIST_FILE = YES;
				INFOPLIST_FILE = Decisive/SupportingFiles/Info.plist;
				INFOPLIST_KEY_UIApplicationSupportsIndirectInputEvents = YES;
				INFOPLIST_KEY_UILaunchStoryboardName = LaunchScreen;
				INFOPLIST_KEY_UISupportedInterfaceOrientations_iPad = "UIInterfaceOrientationPortrait UIInterfaceOrientationPortraitUpsideDown UIInterfaceOrientationLandscapeLeft UIInterfaceOrientationLandscapeRight";
				INFOPLIST_KEY_UISupportedInterfaceOrientations_iPhone = "UIInterfaceOrientationPortrait UIInterfaceOrientationLandscapeLeft UIInterfaceOrientationLandscapeRight";
				IPHONEOS_DEPLOYMENT_TARGET = 17.0;
				LD_RUNPATH_SEARCH_PATHS = (
					"$(inherited)",
					"@executable_path/Frameworks",
				);
				MARKETING_VERSION = 1.0;
				PRODUCT_BUNDLE_IDENTIFIER = sukhdev.Decisive;
				PRODUCT_NAME = "$(TARGET_NAME)";
				SWIFT_EMIT_LOC_STRINGS = YES;
				SWIFT_VERSION = 5.0;
				TARGETED_DEVICE_FAMILY = "1,2";
			};
			name = Debug;
		};
		A21BADB12B791324008D995C /* Release */ = {
			isa = XCBuildConfiguration;
			buildSettings = {
				ASSETCATALOG_COMPILER_APPICON_NAME = AppIcon;
				ASSETCATALOG_COMPILER_GLOBAL_ACCENT_COLOR_NAME = AccentColor;
				CODE_SIGN_STYLE = Automatic;
				CURRENT_PROJECT_VERSION = 1;
				DEVELOPMENT_TEAM = A5T33ABXDL;
				GENERATE_INFOPLIST_FILE = YES;
				INFOPLIST_FILE = Decisive/SupportingFiles/Info.plist;
				INFOPLIST_KEY_UIApplicationSupportsIndirectInputEvents = YES;
				INFOPLIST_KEY_UILaunchStoryboardName = LaunchScreen;
				INFOPLIST_KEY_UISupportedInterfaceOrientations_iPad = "UIInterfaceOrientationPortrait UIInterfaceOrientationPortraitUpsideDown UIInterfaceOrientationLandscapeLeft UIInterfaceOrientationLandscapeRight";
				INFOPLIST_KEY_UISupportedInterfaceOrientations_iPhone = "UIInterfaceOrientationPortrait UIInterfaceOrientationLandscapeLeft UIInterfaceOrientationLandscapeRight";
				IPHONEOS_DEPLOYMENT_TARGET = 17.0;
				LD_RUNPATH_SEARCH_PATHS = (
					"$(inherited)",
					"@executable_path/Frameworks",
				);
				MARKETING_VERSION = 1.0;
				PRODUCT_BUNDLE_IDENTIFIER = sukhdev.Decisive;
				PRODUCT_NAME = "$(TARGET_NAME)";
				SWIFT_EMIT_LOC_STRINGS = YES;
				SWIFT_VERSION = 5.0;
				TARGETED_DEVICE_FAMILY = "1,2";
			};
			name = Release;
		};
		A21BADB32B791324008D995C /* Debug */ = {
			isa = XCBuildConfiguration;
			buildSettings = {
				ALWAYS_EMBED_SWIFT_STANDARD_LIBRARIES = YES;
				BUNDLE_LOADER = "$(TEST_HOST)";
				CLANG_ENABLE_MODULES = YES;
				CODE_SIGN_STYLE = Automatic;
				CURRENT_PROJECT_VERSION = 1;
				DEVELOPMENT_TEAM = A5T33ABXDL;
				GENERATE_INFOPLIST_FILE = YES;
				IPHONEOS_DEPLOYMENT_TARGET = 17.2;
				MARKETING_VERSION = 1.0;
				PRODUCT_BUNDLE_IDENTIFIER = sukhdev.DecisiveTests;
				PRODUCT_NAME = "$(TARGET_NAME)";
				SWIFT_EMIT_LOC_STRINGS = NO;
				SWIFT_OPTIMIZATION_LEVEL = "-Onone";
				SWIFT_VERSION = 5.0;
				TARGETED_DEVICE_FAMILY = "1,2";
				TEST_HOST = "$(BUILT_PRODUCTS_DIR)/Decisive.app/$(BUNDLE_EXECUTABLE_FOLDER_PATH)/Decisive";
			};
			name = Debug;
		};
		A21BADB42B791324008D995C /* Release */ = {
			isa = XCBuildConfiguration;
			buildSettings = {
				ALWAYS_EMBED_SWIFT_STANDARD_LIBRARIES = YES;
				BUNDLE_LOADER = "$(TEST_HOST)";
				CLANG_ENABLE_MODULES = YES;
				CODE_SIGN_STYLE = Automatic;
				CURRENT_PROJECT_VERSION = 1;
				DEVELOPMENT_TEAM = A5T33ABXDL;
				GENERATE_INFOPLIST_FILE = YES;
				IPHONEOS_DEPLOYMENT_TARGET = 17.2;
				MARKETING_VERSION = 1.0;
				PRODUCT_BUNDLE_IDENTIFIER = sukhdev.DecisiveTests;
				PRODUCT_NAME = "$(TARGET_NAME)";
				SWIFT_EMIT_LOC_STRINGS = NO;
				SWIFT_VERSION = 5.0;
				TARGETED_DEVICE_FAMILY = "1,2";
				TEST_HOST = "$(BUILT_PRODUCTS_DIR)/Decisive.app/$(BUNDLE_EXECUTABLE_FOLDER_PATH)/Decisive";
			};
			name = Release;
		};
		A21BADB62B791324008D995C /* Debug */ = {
			isa = XCBuildConfiguration;
			buildSettings = {
				ALWAYS_EMBED_SWIFT_STANDARD_LIBRARIES = YES;
				CLANG_ENABLE_MODULES = YES;
				CODE_SIGN_STYLE = Automatic;
				CURRENT_PROJECT_VERSION = 1;
				DEVELOPMENT_TEAM = A5T33ABXDL;
				GENERATE_INFOPLIST_FILE = YES;
				MARKETING_VERSION = 1.0;
				PRODUCT_BUNDLE_IDENTIFIER = sukhdev.DecisiveUITests;
				PRODUCT_NAME = "$(TARGET_NAME)";
				SWIFT_EMIT_LOC_STRINGS = NO;
				SWIFT_OPTIMIZATION_LEVEL = "-Onone";
				SWIFT_VERSION = 5.0;
				TARGETED_DEVICE_FAMILY = "1,2";
				TEST_TARGET_NAME = Decisive;
			};
			name = Debug;
		};
		A21BADB72B791324008D995C /* Release */ = {
			isa = XCBuildConfiguration;
			buildSettings = {
				ALWAYS_EMBED_SWIFT_STANDARD_LIBRARIES = YES;
				CLANG_ENABLE_MODULES = YES;
				CODE_SIGN_STYLE = Automatic;
				CURRENT_PROJECT_VERSION = 1;
				DEVELOPMENT_TEAM = A5T33ABXDL;
				GENERATE_INFOPLIST_FILE = YES;
				MARKETING_VERSION = 1.0;
				PRODUCT_BUNDLE_IDENTIFIER = sukhdev.DecisiveUITests;
				PRODUCT_NAME = "$(TARGET_NAME)";
				SWIFT_EMIT_LOC_STRINGS = NO;
				SWIFT_VERSION = 5.0;
				TARGETED_DEVICE_FAMILY = "1,2";
				TEST_TARGET_NAME = Decisive;
			};
			name = Release;
		};
/* End XCBuildConfiguration section */

/* Begin XCConfigurationList section */
		A21BAD802B791322008D995C /* Build configuration list for PBXProject "Decisive" */ = {
			isa = XCConfigurationList;
			buildConfigurations = (
				A21BADAD2B791324008D995C /* Debug */,
				A21BADAE2B791324008D995C /* Release */,
			);
			defaultConfigurationIsVisible = 0;
			defaultConfigurationName = Release;
		};
		A21BADAF2B791324008D995C /* Build configuration list for PBXNativeTarget "Decisive" */ = {
			isa = XCConfigurationList;
			buildConfigurations = (
				A21BADB02B791324008D995C /* Debug */,
				A21BADB12B791324008D995C /* Release */,
			);
			defaultConfigurationIsVisible = 0;
			defaultConfigurationName = Release;
		};
		A21BADB22B791324008D995C /* Build configuration list for PBXNativeTarget "DecisiveTests" */ = {
			isa = XCConfigurationList;
			buildConfigurations = (
				A21BADB32B791324008D995C /* Debug */,
				A21BADB42B791324008D995C /* Release */,
			);
			defaultConfigurationIsVisible = 0;
			defaultConfigurationName = Release;
		};
		A21BADB52B791324008D995C /* Build configuration list for PBXNativeTarget "DecisiveUITests" */ = {
			isa = XCConfigurationList;
			buildConfigurations = (
				A21BADB62B791324008D995C /* Debug */,
				A21BADB72B791324008D995C /* Release */,
			);
			defaultConfigurationIsVisible = 0;
			defaultConfigurationName = Release;
		};
/* End XCConfigurationList section */
	};
	rootObject = A21BAD7D2B791322008D995C /* Project object */;
}
