// !$*UTF8*$!
{
	archiveVersion = 1;
	classes = {
	};
	objectVersion = 56;
	objects = {

/* Begin PBXBuildFile section */
		A21BAD892B791322008D995C /* AppDelegate.swift in Sources */ = {isa = PBXBuildFile; fileRef = A21BAD882B791322008D995C /* AppDelegate.swift */; };
		A21BAD8B2B791322008D995C /* SceneDelegate.swift in Sources */ = {isa = PBXBuildFile; fileRef = A21BAD8A2B791322008D995C /* SceneDelegate.swift */; };
		A21BAD922B791324008D995C /* Assets.xcassets in Resources */ = {isa = PBXBuildFile; fileRef = A21BAD912B791324008D995C /* Assets.xcassets */; };
		A21BAD952B791324008D995C /* LaunchScreen.storyboard in Resources */ = {isa = PBXBuildFile; fileRef = A21BAD932B791324008D995C /* LaunchScreen.storyboard */; };
		A21BADBC2B7918D7008D995C /* LoginVC.swift in Sources */ = {isa = PBXBuildFile; fileRef = A21BADBB2B7918D7008D995C /* LoginVC.swift */; };
		A21BADC12B791CC8008D995C /* swiftgen.yml in Resources */ = {isa = PBXBuildFile; fileRef = A21BADC02B791CC8008D995C /* swiftgen.yml */; };
		A21BADD42B792721008D995C /* LoginSnapshotTests.swift in Sources */ = {isa = PBXBuildFile; fileRef = A21BADCA2B791FF5008D995C /* LoginSnapshotTests.swift */; };
		A21BADD52B792726008D995C /* XCTestCase+Snapshot.swift in Sources */ = {isa = PBXBuildFile; fileRef = A21BADC62B791FC7008D995C /* XCTestCase+Snapshot.swift */; };
		A21BADD62B79272B008D995C /* UIViewController+Snapshot.swift in Sources */ = {isa = PBXBuildFile; fileRef = A21BADC32B791D4D008D995C /* UIViewController+Snapshot.swift */; };
		A21BADD82B7928C8008D995C /* DecisiveUITests.swift in Sources */ = {isa = PBXBuildFile; fileRef = A21BADD72B7928C8008D995C /* DecisiveUITests.swift */; };
		A21BADDC2B79438F008D995C /* CustomTextField.swift in Sources */ = {isa = PBXBuildFile; fileRef = A21BADDB2B79438F008D995C /* CustomTextField.swift */; };
		A21BADDE2B79440D008D995C /* Colors.xcassets in Resources */ = {isa = PBXBuildFile; fileRef = A21BADDD2B79440D008D995C /* Colors.xcassets */; };
		A21BADE02B79459B008D995C /* CustomButton.swift in Sources */ = {isa = PBXBuildFile; fileRef = A21BADDF2B79459B008D995C /* CustomButton.swift */; };
		A21BADE52B797DC8008D995C /* LoginAPIClientStub.swift in Sources */ = {isa = PBXBuildFile; fileRef = A21BADE42B797DC8008D995C /* LoginAPIClientStub.swift */; };
		A21BADE82B79822A008D995C /* LoginAPIClient.swift in Sources */ = {isa = PBXBuildFile; fileRef = A21BADE72B79822A008D995C /* LoginAPIClient.swift */; };
		A21BADEB2B798581008D995C /* LoginIntegrationTests.swift in Sources */ = {isa = PBXBuildFile; fileRef = A21BADEA2B798581008D995C /* LoginIntegrationTests.swift */; };
		A21BADED2B798A49008D995C /* LoginEndpoint.swift in Sources */ = {isa = PBXBuildFile; fileRef = A21BADEC2B798A49008D995C /* LoginEndpoint.swift */; };
		A21BADF02B79B36D008D995C /* UserProfile.swift in Sources */ = {isa = PBXBuildFile; fileRef = A21BADEF2B79B36D008D995C /* UserProfile.swift */; };
		A21BADF62B7B0AF9008D995C /* HomeVC.swift in Sources */ = {isa = PBXBuildFile; fileRef = A21BADF52B7B0AF9008D995C /* HomeVC.swift */; };
		A21BADF82B7B0B9F008D995C /* MockNavigation.swift in Sources */ = {isa = PBXBuildFile; fileRef = A21BADF72B7B0B9F008D995C /* MockNavigation.swift */; };
		A21BADFB2B7B0C1D008D995C /* LoginViewModel.swift in Sources */ = {isa = PBXBuildFile; fileRef = A21BADFA2B7B0C1D008D995C /* LoginViewModel.swift */; };
		A21BADFE2B7C611B008D995C /* LoginUIComposer.swift in Sources */ = {isa = PBXBuildFile; fileRef = A21BADFD2B7C611B008D995C /* LoginUIComposer.swift */; };
		A21BAE012B7C6AB0008D995C /* LoginRouter.swift in Sources */ = {isa = PBXBuildFile; fileRef = A21BAE002B7C6AB0008D995C /* LoginRouter.swift */; };
		A21BAE062B7DB6C7008D995C /* HomeIntegrationTests.swift in Sources */ = {isa = PBXBuildFile; fileRef = A21BAE052B7DB6C7008D995C /* HomeIntegrationTests.swift */; };
		A2672B2D2B9D4165006A5634 /* SplashScreenVC.swift in Sources */ = {isa = PBXBuildFile; fileRef = A2672B2C2B9D4165006A5634 /* SplashScreenVC.swift */; };
		A2672B302B9D4198006A5634 /* SplashScreenUIComposer.swift in Sources */ = {isa = PBXBuildFile; fileRef = A2672B2F2B9D4198006A5634 /* SplashScreenUIComposer.swift */; };
		A2672B332B9D4F06006A5634 /* AuthenticationViewModel.swift in Sources */ = {isa = PBXBuildFile; fileRef = A2672B322B9D4F06006A5634 /* AuthenticationViewModel.swift */; };
		A2672B352B9E12A9006A5634 /* AccountCreationValidationService.swift in Sources */ = {isa = PBXBuildFile; fileRef = A2672B342B9E12A9006A5634 /* AccountCreationValidationService.swift */; };
		A2672B382B9E1451006A5634 /* CreateAccountRouter.swift in Sources */ = {isa = PBXBuildFile; fileRef = A2672B372B9E1451006A5634 /* CreateAccountRouter.swift */; };
		A2672B3B2B9E14F4006A5634 /* UIAlertAction+Extension.swift in Sources */ = {isa = PBXBuildFile; fileRef = A2672B3A2B9E14F4006A5634 /* UIAlertAction+Extension.swift */; };
		A2672B3E2B9E834E006A5634 /* CreateAccountIntegrationTests.swift in Sources */ = {isa = PBXBuildFile; fileRef = A2672B3D2B9E834E006A5634 /* CreateAccountIntegrationTests.swift */; };
		A2672B412B9E83F9006A5634 /* RegistrationAPIServiceSpy.swift in Sources */ = {isa = PBXBuildFile; fileRef = A2672B402B9E83F9006A5634 /* RegistrationAPIServiceSpy.swift */; };
		A2ED5B452B8BA29600C90C99 /* CreateAccountVC.swift in Sources */ = {isa = PBXBuildFile; fileRef = A2ED5B442B8BA29600C90C99 /* CreateAccountVC.swift */; };
		A2ED5B482B8BA46500C90C99 /* CustomLabelTextFieldView.swift in Sources */ = {isa = PBXBuildFile; fileRef = A2ED5B472B8BA46500C90C99 /* CustomLabelTextFieldView.swift */; };
		A2ED5B4C2B8BA90000C90C99 /* CreateAccountSnapshotTests.swift in Sources */ = {isa = PBXBuildFile; fileRef = A2ED5B4B2B8BA90000C90C99 /* CreateAccountSnapshotTests.swift */; };
		A2ED5B522B8BC34C00C90C99 /* CREATE_ACCOUNT_DARK_VIEW_iPad.png in Resources */ = {isa = PBXBuildFile; fileRef = A2ED5B4E2B8BC34C00C90C99 /* CREATE_ACCOUNT_DARK_VIEW_iPad.png */; };
		A2ED5B532B8BC34C00C90C99 /* CREATE_ACCOUNT_LIGHT_VIEW_iPad.png in Resources */ = {isa = PBXBuildFile; fileRef = A2ED5B4F2B8BC34C00C90C99 /* CREATE_ACCOUNT_LIGHT_VIEW_iPad.png */; };
		A2ED5B542B8BC34C00C90C99 /* CREATE_ACCOUNT_DARK_VIEW_iPhone.png in Resources */ = {isa = PBXBuildFile; fileRef = A2ED5B502B8BC34C00C90C99 /* CREATE_ACCOUNT_DARK_VIEW_iPhone.png */; };
		A2ED5B552B8BC34C00C90C99 /* CREATE_ACCOUNT_LIGHT_VIEW_iPhone.png in Resources */ = {isa = PBXBuildFile; fileRef = A2ED5B512B8BC34C00C90C99 /* CREATE_ACCOUNT_LIGHT_VIEW_iPhone.png */; };
		A2ED5B5B2B8BC35900C90C99 /* LOGIN_DARK_VIEW_iPhone.png in Resources */ = {isa = PBXBuildFile; fileRef = A2ED5B572B8BC35900C90C99 /* LOGIN_DARK_VIEW_iPhone.png */; };
		A2ED5B5C2B8BC35900C90C99 /* LOGIN_LIGHT_VIEW_iPhone.png in Resources */ = {isa = PBXBuildFile; fileRef = A2ED5B582B8BC35900C90C99 /* LOGIN_LIGHT_VIEW_iPhone.png */; };
		A2ED5B5D2B8BC35900C90C99 /* LOGIN_LIGHT_VIEW_iPad.png in Resources */ = {isa = PBXBuildFile; fileRef = A2ED5B592B8BC35900C90C99 /* LOGIN_LIGHT_VIEW_iPad.png */; };
		A2ED5B5E2B8BC35900C90C99 /* LOGIN_DARK_VIEW_iPad.png in Resources */ = {isa = PBXBuildFile; fileRef = A2ED5B5A2B8BC35900C90C99 /* LOGIN_DARK_VIEW_iPad.png */; };
		A2ED5B612B8BC3E500C90C99 /* CreateAccountUnitTests.swift in Sources */ = {isa = PBXBuildFile; fileRef = A2ED5B602B8BC3E500C90C99 /* CreateAccountUnitTests.swift */; };
		A2ED5B642B8BEECA00C90C99 /* CreateAccount.xcstrings in Resources */ = {isa = PBXBuildFile; fileRef = A2ED5B632B8BEECA00C90C99 /* CreateAccount.xcstrings */; };
		A2ED5B682B900D1400C90C99 /* CreateAccountConstant.swift in Sources */ = {isa = PBXBuildFile; fileRef = A2ED5B672B900D1400C90C99 /* CreateAccountConstant.swift */; };
		A2ED5B6A2B9017B800C90C99 /* Locaized+TestHelpers.swift in Sources */ = {isa = PBXBuildFile; fileRef = A2ED5B692B9017B800C90C99 /* Locaized+TestHelpers.swift */; };
		A2ED5B6D2B939B8900C90C99 /* HomeViewModel.swift in Sources */ = {isa = PBXBuildFile; fileRef = A2ED5B6C2B939B8900C90C99 /* HomeViewModel.swift */; };
		A2ED5B722B939EE800C90C99 /* HomeAPIEndpoint.swift in Sources */ = {isa = PBXBuildFile; fileRef = A2ED5B712B939EE800C90C99 /* HomeAPIEndpoint.swift */; };
		A2ED5B752B992E5400C90C99 /* RegistrationViewModel.swift in Sources */ = {isa = PBXBuildFile; fileRef = A2ED5B742B992E5400C90C99 /* RegistrationViewModel.swift */; };
/* End PBXBuildFile section */

/* Begin PBXContainerItemProxy section */
		A21BAD9C2B791324008D995C /* PBXContainerItemProxy */ = {
			isa = PBXContainerItemProxy;
			containerPortal = A21BAD7D2B791322008D995C /* Project object */;
			proxyType = 1;
			remoteGlobalIDString = A21BAD842B791322008D995C;
			remoteInfo = Decisive;
		};
		A21BADA62B791324008D995C /* PBXContainerItemProxy */ = {
			isa = PBXContainerItemProxy;
			containerPortal = A21BAD7D2B791322008D995C /* Project object */;
			proxyType = 1;
			remoteGlobalIDString = A21BAD842B791322008D995C;
			remoteInfo = Decisive;
		};
/* End PBXContainerItemProxy section */

/* Begin PBXFileReference section */
		A21BAD852B791322008D995C /* Decisive.app */ = {isa = PBXFileReference; explicitFileType = wrapper.application; includeInIndex = 0; path = Decisive.app; sourceTree = BUILT_PRODUCTS_DIR; };
		A21BAD882B791322008D995C /* AppDelegate.swift */ = {isa = PBXFileReference; lastKnownFileType = sourcecode.swift; path = AppDelegate.swift; sourceTree = "<group>"; };
		A21BAD8A2B791322008D995C /* SceneDelegate.swift */ = {isa = PBXFileReference; lastKnownFileType = sourcecode.swift; path = SceneDelegate.swift; sourceTree = "<group>"; };
		A21BAD912B791324008D995C /* Assets.xcassets */ = {isa = PBXFileReference; lastKnownFileType = folder.assetcatalog; path = Assets.xcassets; sourceTree = "<group>"; };
		A21BAD942B791324008D995C /* Base */ = {isa = PBXFileReference; lastKnownFileType = file.storyboard; name = Base; path = Base.lproj/LaunchScreen.storyboard; sourceTree = "<group>"; };
		A21BAD962B791324008D995C /* Info.plist */ = {isa = PBXFileReference; lastKnownFileType = text.plist.xml; path = Info.plist; sourceTree = "<group>"; };
		A21BAD9B2B791324008D995C /* DecisiveTests.xctest */ = {isa = PBXFileReference; explicitFileType = wrapper.cfbundle; includeInIndex = 0; path = DecisiveTests.xctest; sourceTree = BUILT_PRODUCTS_DIR; };
		A21BADA52B791324008D995C /* DecisiveUITests.xctest */ = {isa = PBXFileReference; explicitFileType = wrapper.cfbundle; includeInIndex = 0; path = DecisiveUITests.xctest; sourceTree = BUILT_PRODUCTS_DIR; };
		A21BADBB2B7918D7008D995C /* LoginVC.swift */ = {isa = PBXFileReference; lastKnownFileType = sourcecode.swift; path = LoginVC.swift; sourceTree = "<group>"; };
		A21BADC02B791CC8008D995C /* swiftgen.yml */ = {isa = PBXFileReference; fileEncoding = 4; lastKnownFileType = text.yaml; path = swiftgen.yml; sourceTree = "<group>"; };
		A21BADC32B791D4D008D995C /* UIViewController+Snapshot.swift */ = {isa = PBXFileReference; lastKnownFileType = sourcecode.swift; path = "UIViewController+Snapshot.swift"; sourceTree = "<group>"; };
		A21BADC62B791FC7008D995C /* XCTestCase+Snapshot.swift */ = {isa = PBXFileReference; lastKnownFileType = sourcecode.swift; path = "XCTestCase+Snapshot.swift"; sourceTree = "<group>"; };
		A21BADCA2B791FF5008D995C /* LoginSnapshotTests.swift */ = {isa = PBXFileReference; lastKnownFileType = sourcecode.swift; path = LoginSnapshotTests.swift; sourceTree = "<group>"; };
		A21BADD72B7928C8008D995C /* DecisiveUITests.swift */ = {isa = PBXFileReference; lastKnownFileType = sourcecode.swift; path = DecisiveUITests.swift; sourceTree = "<group>"; };
		A21BADDB2B79438F008D995C /* CustomTextField.swift */ = {isa = PBXFileReference; lastKnownFileType = sourcecode.swift; path = CustomTextField.swift; sourceTree = "<group>"; };
		A21BADDD2B79440D008D995C /* Colors.xcassets */ = {isa = PBXFileReference; lastKnownFileType = folder.assetcatalog; path = Colors.xcassets; sourceTree = "<group>"; };
		A21BADDF2B79459B008D995C /* CustomButton.swift */ = {isa = PBXFileReference; lastKnownFileType = sourcecode.swift; path = CustomButton.swift; sourceTree = "<group>"; };
		A21BADE42B797DC8008D995C /* LoginAPIClientStub.swift */ = {isa = PBXFileReference; lastKnownFileType = sourcecode.swift; path = LoginAPIClientStub.swift; sourceTree = "<group>"; };
		A21BADE72B79822A008D995C /* LoginAPIClient.swift */ = {isa = PBXFileReference; lastKnownFileType = sourcecode.swift; path = LoginAPIClient.swift; sourceTree = "<group>"; };
		A21BADEA2B798581008D995C /* LoginIntegrationTests.swift */ = {isa = PBXFileReference; lastKnownFileType = sourcecode.swift; path = LoginIntegrationTests.swift; sourceTree = "<group>"; };
		A21BADEC2B798A49008D995C /* LoginEndpoint.swift */ = {isa = PBXFileReference; lastKnownFileType = sourcecode.swift; path = LoginEndpoint.swift; sourceTree = "<group>"; };
		A21BADEF2B79B36D008D995C /* UserProfile.swift */ = {isa = PBXFileReference; lastKnownFileType = sourcecode.swift; path = UserProfile.swift; sourceTree = "<group>"; };
		A21BADF52B7B0AF9008D995C /* HomeVC.swift */ = {isa = PBXFileReference; lastKnownFileType = sourcecode.swift; path = HomeVC.swift; sourceTree = "<group>"; };
		A21BADF72B7B0B9F008D995C /* MockNavigation.swift */ = {isa = PBXFileReference; lastKnownFileType = sourcecode.swift; path = MockNavigation.swift; sourceTree = "<group>"; };
		A21BADFA2B7B0C1D008D995C /* LoginViewModel.swift */ = {isa = PBXFileReference; lastKnownFileType = sourcecode.swift; path = LoginViewModel.swift; sourceTree = "<group>"; };
		A21BADFD2B7C611B008D995C /* LoginUIComposer.swift */ = {isa = PBXFileReference; lastKnownFileType = sourcecode.swift; path = LoginUIComposer.swift; sourceTree = "<group>"; };
		A21BAE002B7C6AB0008D995C /* LoginRouter.swift */ = {isa = PBXFileReference; lastKnownFileType = sourcecode.swift; path = LoginRouter.swift; sourceTree = "<group>"; };
		A21BAE052B7DB6C7008D995C /* HomeIntegrationTests.swift */ = {isa = PBXFileReference; lastKnownFileType = sourcecode.swift; path = HomeIntegrationTests.swift; sourceTree = "<group>"; };
		A2672B2C2B9D4165006A5634 /* SplashScreenVC.swift */ = {isa = PBXFileReference; lastKnownFileType = sourcecode.swift; path = SplashScreenVC.swift; sourceTree = "<group>"; };
		A2672B2F2B9D4198006A5634 /* SplashScreenUIComposer.swift */ = {isa = PBXFileReference; lastKnownFileType = sourcecode.swift; path = SplashScreenUIComposer.swift; sourceTree = "<group>"; };
		A2672B322B9D4F06006A5634 /* AuthenticationViewModel.swift */ = {isa = PBXFileReference; lastKnownFileType = sourcecode.swift; path = AuthenticationViewModel.swift; sourceTree = "<group>"; };
		A2672B342B9E12A9006A5634 /* AccountCreationValidationService.swift */ = {isa = PBXFileReference; lastKnownFileType = sourcecode.swift; path = AccountCreationValidationService.swift; sourceTree = "<group>"; };
		A2672B372B9E1451006A5634 /* CreateAccountRouter.swift */ = {isa = PBXFileReference; lastKnownFileType = sourcecode.swift; path = CreateAccountRouter.swift; sourceTree = "<group>"; };
		A2672B3A2B9E14F4006A5634 /* UIAlertAction+Extension.swift */ = {isa = PBXFileReference; lastKnownFileType = sourcecode.swift; path = "UIAlertAction+Extension.swift"; sourceTree = "<group>"; };
		A2672B3D2B9E834E006A5634 /* CreateAccountIntegrationTests.swift */ = {isa = PBXFileReference; lastKnownFileType = sourcecode.swift; path = CreateAccountIntegrationTests.swift; sourceTree = "<group>"; };
		A2672B402B9E83F9006A5634 /* RegistrationAPIServiceSpy.swift */ = {isa = PBXFileReference; lastKnownFileType = sourcecode.swift; path = RegistrationAPIServiceSpy.swift; sourceTree = "<group>"; };
		A2ED5B442B8BA29600C90C99 /* CreateAccountVC.swift */ = {isa = PBXFileReference; lastKnownFileType = sourcecode.swift; path = CreateAccountVC.swift; sourceTree = "<group>"; };
		A2ED5B472B8BA46500C90C99 /* CustomLabelTextFieldView.swift */ = {isa = PBXFileReference; lastKnownFileType = sourcecode.swift; path = CustomLabelTextFieldView.swift; sourceTree = "<group>"; };
		A2ED5B4B2B8BA90000C90C99 /* CreateAccountSnapshotTests.swift */ = {isa = PBXFileReference; lastKnownFileType = sourcecode.swift; path = CreateAccountSnapshotTests.swift; sourceTree = "<group>"; };
		A2ED5B4E2B8BC34C00C90C99 /* CREATE_ACCOUNT_DARK_VIEW_iPad.png */ = {isa = PBXFileReference; lastKnownFileType = image.png; path = CREATE_ACCOUNT_DARK_VIEW_iPad.png; sourceTree = "<group>"; };
		A2ED5B4F2B8BC34C00C90C99 /* CREATE_ACCOUNT_LIGHT_VIEW_iPad.png */ = {isa = PBXFileReference; lastKnownFileType = image.png; path = CREATE_ACCOUNT_LIGHT_VIEW_iPad.png; sourceTree = "<group>"; };
		A2ED5B502B8BC34C00C90C99 /* CREATE_ACCOUNT_DARK_VIEW_iPhone.png */ = {isa = PBXFileReference; lastKnownFileType = image.png; path = CREATE_ACCOUNT_DARK_VIEW_iPhone.png; sourceTree = "<group>"; };
		A2ED5B512B8BC34C00C90C99 /* CREATE_ACCOUNT_LIGHT_VIEW_iPhone.png */ = {isa = PBXFileReference; lastKnownFileType = image.png; path = CREATE_ACCOUNT_LIGHT_VIEW_iPhone.png; sourceTree = "<group>"; };
		A2ED5B572B8BC35900C90C99 /* LOGIN_DARK_VIEW_iPhone.png */ = {isa = PBXFileReference; lastKnownFileType = image.png; path = LOGIN_DARK_VIEW_iPhone.png; sourceTree = "<group>"; };
		A2ED5B582B8BC35900C90C99 /* LOGIN_LIGHT_VIEW_iPhone.png */ = {isa = PBXFileReference; lastKnownFileType = image.png; path = LOGIN_LIGHT_VIEW_iPhone.png; sourceTree = "<group>"; };
		A2ED5B592B8BC35900C90C99 /* LOGIN_LIGHT_VIEW_iPad.png */ = {isa = PBXFileReference; lastKnownFileType = image.png; path = LOGIN_LIGHT_VIEW_iPad.png; sourceTree = "<group>"; };
		A2ED5B5A2B8BC35900C90C99 /* LOGIN_DARK_VIEW_iPad.png */ = {isa = PBXFileReference; lastKnownFileType = image.png; path = LOGIN_DARK_VIEW_iPad.png; sourceTree = "<group>"; };
		A2ED5B602B8BC3E500C90C99 /* CreateAccountUnitTests.swift */ = {isa = PBXFileReference; lastKnownFileType = sourcecode.swift; path = CreateAccountUnitTests.swift; sourceTree = "<group>"; };
		A2ED5B632B8BEECA00C90C99 /* CreateAccount.xcstrings */ = {isa = PBXFileReference; lastKnownFileType = text.json.xcstrings; path = CreateAccount.xcstrings; sourceTree = "<group>"; };
		A2ED5B652B8BEF4000C90C99 /* es */ = {isa = PBXFileReference; lastKnownFileType = text.plist.strings; name = es; path = es.lproj/LaunchScreen.strings; sourceTree = "<group>"; };
		A2ED5B672B900D1400C90C99 /* CreateAccountConstant.swift */ = {isa = PBXFileReference; lastKnownFileType = sourcecode.swift; path = CreateAccountConstant.swift; sourceTree = "<group>"; };
		A2ED5B692B9017B800C90C99 /* Locaized+TestHelpers.swift */ = {isa = PBXFileReference; lastKnownFileType = sourcecode.swift; path = "Locaized+TestHelpers.swift"; sourceTree = "<group>"; };
		A2ED5B6C2B939B8900C90C99 /* HomeViewModel.swift */ = {isa = PBXFileReference; lastKnownFileType = sourcecode.swift; path = HomeViewModel.swift; sourceTree = "<group>"; };
		A2ED5B712B939EE800C90C99 /* HomeAPIEndpoint.swift */ = {isa = PBXFileReference; lastKnownFileType = sourcecode.swift; path = HomeAPIEndpoint.swift; sourceTree = "<group>"; };
		A2ED5B742B992E5400C90C99 /* RegistrationViewModel.swift */ = {isa = PBXFileReference; lastKnownFileType = sourcecode.swift; path = RegistrationViewModel.swift; sourceTree = "<group>"; };
/* End PBXFileReference section */

/* Begin PBXFrameworksBuildPhase section */
		A21BAD822B791322008D995C /* Frameworks */ = {
			isa = PBXFrameworksBuildPhase;
			buildActionMask = 2147483647;
			files = (
			);
			runOnlyForDeploymentPostprocessing = 0;
		};
		A21BAD982B791324008D995C /* Frameworks */ = {
			isa = PBXFrameworksBuildPhase;
			buildActionMask = 2147483647;
			files = (
			);
			runOnlyForDeploymentPostprocessing = 0;
		};
		A21BADA22B791324008D995C /* Frameworks */ = {
			isa = PBXFrameworksBuildPhase;
			buildActionMask = 2147483647;
			files = (
			);
			runOnlyForDeploymentPostprocessing = 0;
		};
/* End PBXFrameworksBuildPhase section */

/* Begin PBXGroup section */
		A21BAD7C2B791322008D995C = {
			isa = PBXGroup;
			children = (
				A21BAD872B791322008D995C /* Decisive */,
				A21BAD9E2B791324008D995C /* DecisiveTests */,
				A21BADA82B791324008D995C /* DecisiveUITests */,
				A21BAD862B791322008D995C /* Products */,
			);
			sourceTree = "<group>";
		};
		A21BAD862B791322008D995C /* Products */ = {
			isa = PBXGroup;
			children = (
				A21BAD852B791322008D995C /* Decisive.app */,
				A21BAD9B2B791324008D995C /* DecisiveTests.xctest */,
				A21BADA52B791324008D995C /* DecisiveUITests.xctest */,
			);
			name = Products;
			sourceTree = "<group>";
		};
		A21BAD872B791322008D995C /* Decisive */ = {
			isa = PBXGroup;
			children = (
				A2672B2A2B9D4151006A5634 /* SplashScreen */,
				A2ED5B422B8BA1DC00C90C99 /* CreateAccount */,
				A21BADF32B7B0AEB008D995C /* Home */,
				A21BADB92B7918C8008D995C /* Login */,
				A21BADB82B791373008D995C /* SupportingFiles */,
			);
			path = Decisive;
			sourceTree = "<group>";
		};
		A21BAD9E2B791324008D995C /* DecisiveTests */ = {
			isa = PBXGroup;
			children = (
				A2ED5B492B8BA8E500C90C99 /* CreateAccount */,
				A21BAE032B7DB69A008D995C /* Home */,
				A21BADC22B791D10008D995C /* Helpers */,
				A21BADC82B791FDB008D995C /* Login */,
			);
			path = DecisiveTests;
			sourceTree = "<group>";
		};
		A21BADA82B791324008D995C /* DecisiveUITests */ = {
			isa = PBXGroup;
			children = (
				A21BADD72B7928C8008D995C /* DecisiveUITests.swift */,
			);
			path = DecisiveUITests;
			sourceTree = "<group>";
		};
		A21BADB82B791373008D995C /* SupportingFiles */ = {
			isa = PBXGroup;
			children = (
				A2672B392B9E14E1006A5634 /* Utilities */,
				A21BADD92B792967008D995C /* ViewManager */,
				A21BADC02B791CC8008D995C /* swiftgen.yml */,
				A21BAD882B791322008D995C /* AppDelegate.swift */,
				A21BAD8A2B791322008D995C /* SceneDelegate.swift */,
				A21BAD912B791324008D995C /* Assets.xcassets */,
				A21BADDD2B79440D008D995C /* Colors.xcassets */,
				A21BAD932B791324008D995C /* LaunchScreen.storyboard */,
				A21BAD962B791324008D995C /* Info.plist */,
			);
			path = SupportingFiles;
			sourceTree = "<group>";
		};
		A21BADB92B7918C8008D995C /* Login */ = {
			isa = PBXGroup;
			children = (
				A21BADFF2B7C6AA5008D995C /* Router */,
				A21BADFC2B7C6109008D995C /* Composer */,
				A21BADF92B7B0C0A008D995C /* ViewModel */,
				A21BADEE2B79B362008D995C /* Model */,
				A21BADE62B798208008D995C /* API */,
				A21BADBA2B7918CD008D995C /* Views */,
			);
			path = Login;
			sourceTree = "<group>";
		};
		A21BADBA2B7918CD008D995C /* Views */ = {
			isa = PBXGroup;
			children = (
				A21BADBB2B7918D7008D995C /* LoginVC.swift */,
			);
			path = Views;
			sourceTree = "<group>";
		};
		A21BADC22B791D10008D995C /* Helpers */ = {
			isa = PBXGroup;
			children = (
				A21BADC32B791D4D008D995C /* UIViewController+Snapshot.swift */,
				A21BADC62B791FC7008D995C /* XCTestCase+Snapshot.swift */,
				A21BADE42B797DC8008D995C /* LoginAPIClientStub.swift */,
				A21BADF72B7B0B9F008D995C /* MockNavigation.swift */,
				A2ED5B692B9017B800C90C99 /* Locaized+TestHelpers.swift */,
			);
			path = Helpers;
			sourceTree = "<group>";
		};
		A21BADC82B791FDB008D995C /* Login */ = {
			isa = PBXGroup;
			children = (
				A21BADE92B7984C7008D995C /* LoginIntegrationTests */,
				A21BADC92B791FDF008D995C /* SnapshotTests */,
			);
			path = Login;
			sourceTree = "<group>";
		};
		A21BADC92B791FDF008D995C /* SnapshotTests */ = {
			isa = PBXGroup;
			children = (
				A2ED5B562B8BC35900C90C99 /* snapshots */,
				A21BADCA2B791FF5008D995C /* LoginSnapshotTests.swift */,
			);
			path = SnapshotTests;
			sourceTree = "<group>";
		};
		A21BADD92B792967008D995C /* ViewManager */ = {
			isa = PBXGroup;
			children = (
				A21BADDB2B79438F008D995C /* CustomTextField.swift */,
				A21BADDF2B79459B008D995C /* CustomButton.swift */,
			);
			path = ViewManager;
			sourceTree = "<group>";
		};
		A21BADE62B798208008D995C /* API */ = {
			isa = PBXGroup;
			children = (
				A21BADE72B79822A008D995C /* LoginAPIClient.swift */,
				A21BADEC2B798A49008D995C /* LoginEndpoint.swift */,
			);
			path = API;
			sourceTree = "<group>";
		};
		A21BADE92B7984C7008D995C /* LoginIntegrationTests */ = {
			isa = PBXGroup;
			children = (
				A21BADEA2B798581008D995C /* LoginIntegrationTests.swift */,
			);
			path = LoginIntegrationTests;
			sourceTree = "<group>";
		};
		A21BADEE2B79B362008D995C /* Model */ = {
			isa = PBXGroup;
			children = (
				A21BADEF2B79B36D008D995C /* UserProfile.swift */,
			);
			path = Model;
			sourceTree = "<group>";
		};
		A21BADF32B7B0AEB008D995C /* Home */ = {
			isa = PBXGroup;
			children = (
				A2ED5B702B939ED400C90C99 /* API */,
				A2ED5B6B2B939AFB00C90C99 /* ViewModel */,
				A21BADF42B7B0AEF008D995C /* Views */,
			);
			path = Home;
			sourceTree = "<group>";
		};
		A21BADF42B7B0AEF008D995C /* Views */ = {
			isa = PBXGroup;
			children = (
				A21BADF52B7B0AF9008D995C /* HomeVC.swift */,
			);
			path = Views;
			sourceTree = "<group>";
		};
		A21BADF92B7B0C0A008D995C /* ViewModel */ = {
			isa = PBXGroup;
			children = (
				A21BADFA2B7B0C1D008D995C /* LoginViewModel.swift */,
			);
			path = ViewModel;
			sourceTree = "<group>";
		};
		A21BADFC2B7C6109008D995C /* Composer */ = {
			isa = PBXGroup;
			children = (
				A21BADFD2B7C611B008D995C /* LoginUIComposer.swift */,
			);
			path = Composer;
			sourceTree = "<group>";
		};
		A21BADFF2B7C6AA5008D995C /* Router */ = {
			isa = PBXGroup;
			children = (
				A21BAE002B7C6AB0008D995C /* LoginRouter.swift */,
			);
			path = Router;
			sourceTree = "<group>";
		};
		A21BAE032B7DB69A008D995C /* Home */ = {
			isa = PBXGroup;
			children = (
				A21BAE042B7DB6B0008D995C /* HomeIntegrationTests */,
			);
			path = Home;
			sourceTree = "<group>";
		};
		A21BAE042B7DB6B0008D995C /* HomeIntegrationTests */ = {
			isa = PBXGroup;
			children = (
				A21BAE052B7DB6C7008D995C /* HomeIntegrationTests.swift */,
			);
			path = HomeIntegrationTests;
			sourceTree = "<group>";
		};
		A2672B2A2B9D4151006A5634 /* SplashScreen */ = {
			isa = PBXGroup;
			children = (
				A2672B312B9D4ECE006A5634 /* ViewModel */,
				A2672B2E2B9D4188006A5634 /* Composer */,
				A2672B2B2B9D415B006A5634 /* Views */,
			);
			path = SplashScreen;
			sourceTree = "<group>";
		};
		A2672B2B2B9D415B006A5634 /* Views */ = {
			isa = PBXGroup;
			children = (
				A2672B2C2B9D4165006A5634 /* SplashScreenVC.swift */,
			);
			path = Views;
			sourceTree = "<group>";
		};
		A2672B2E2B9D4188006A5634 /* Composer */ = {
			isa = PBXGroup;
			children = (
				A2672B2F2B9D4198006A5634 /* SplashScreenUIComposer.swift */,
			);
			path = Composer;
			sourceTree = "<group>";
		};
		A2672B312B9D4ECE006A5634 /* ViewModel */ = {
			isa = PBXGroup;
			children = (
				A2672B322B9D4F06006A5634 /* AuthenticationViewModel.swift */,
			);
			path = ViewModel;
			sourceTree = "<group>";
		};
		A2672B362B9E1445006A5634 /* Router */ = {
			isa = PBXGroup;
			children = (
				A2672B372B9E1451006A5634 /* CreateAccountRouter.swift */,
			);
			path = Router;
			sourceTree = "<group>";
		};
		A2672B392B9E14E1006A5634 /* Utilities */ = {
			isa = PBXGroup;
			children = (
				A2672B3A2B9E14F4006A5634 /* UIAlertAction+Extension.swift */,
			);
			path = Utilities;
			sourceTree = "<group>";
		};
		A2672B3C2B9E833A006A5634 /* IntegrationTests */ = {
			isa = PBXGroup;
			children = (
				A2672B3D2B9E834E006A5634 /* CreateAccountIntegrationTests.swift */,
			);
			path = IntegrationTests;
			sourceTree = "<group>";
		};
		A2672B3F2B9E83E3006A5634 /* Helpers */ = {
			isa = PBXGroup;
			children = (
				A2672B402B9E83F9006A5634 /* RegistrationAPIServiceSpy.swift */,
			);
			path = Helpers;
			sourceTree = "<group>";
		};
		A2ED5B422B8BA1DC00C90C99 /* CreateAccount */ = {
			isa = PBXGroup;
			children = (
				A2672B362B9E1445006A5634 /* Router */,
				A2ED5B732B992E3600C90C99 /* ViewModel */,
				A2ED5B622B8BC76100C90C99 /* Helpers */,
				A2ED5B432B8BA1EC00C90C99 /* Views */,
			);
			path = CreateAccount;
			sourceTree = "<group>";
		};
		A2ED5B432B8BA1EC00C90C99 /* Views */ = {
			isa = PBXGroup;
			children = (
				A2ED5B442B8BA29600C90C99 /* CreateAccountVC.swift */,
				A2ED5B472B8BA46500C90C99 /* CustomLabelTextFieldView.swift */,
			);
			path = Views;
			sourceTree = "<group>";
		};
		A2ED5B492B8BA8E500C90C99 /* CreateAccount */ = {
			isa = PBXGroup;
			children = (
				A2672B3F2B9E83E3006A5634 /* Helpers */,
				A2672B3C2B9E833A006A5634 /* IntegrationTests */,
				A2ED5B5F2B8BC3D200C90C99 /* UnitTests */,
				A2ED5B4A2B8BA8F100C90C99 /* SnapshotTests */,
			);
			path = CreateAccount;
			sourceTree = "<group>";
		};
		A2ED5B4A2B8BA8F100C90C99 /* SnapshotTests */ = {
			isa = PBXGroup;
			children = (
				A2ED5B4D2B8BC34C00C90C99 /* snapshots */,
				A2ED5B4B2B8BA90000C90C99 /* CreateAccountSnapshotTests.swift */,
			);
			path = SnapshotTests;
			sourceTree = "<group>";
		};
		A2ED5B4D2B8BC34C00C90C99 /* snapshots */ = {
			isa = PBXGroup;
			children = (
				A2ED5B4E2B8BC34C00C90C99 /* CREATE_ACCOUNT_DARK_VIEW_iPad.png */,
				A2ED5B4F2B8BC34C00C90C99 /* CREATE_ACCOUNT_LIGHT_VIEW_iPad.png */,
				A2ED5B502B8BC34C00C90C99 /* CREATE_ACCOUNT_DARK_VIEW_iPhone.png */,
				A2ED5B512B8BC34C00C90C99 /* CREATE_ACCOUNT_LIGHT_VIEW_iPhone.png */,
			);
			path = snapshots;
			sourceTree = "<group>";
		};
		A2ED5B562B8BC35900C90C99 /* snapshots */ = {
			isa = PBXGroup;
			children = (
				A2ED5B572B8BC35900C90C99 /* LOGIN_DARK_VIEW_iPhone.png */,
				A2ED5B582B8BC35900C90C99 /* LOGIN_LIGHT_VIEW_iPhone.png */,
				A2ED5B592B8BC35900C90C99 /* LOGIN_LIGHT_VIEW_iPad.png */,
				A2ED5B5A2B8BC35900C90C99 /* LOGIN_DARK_VIEW_iPad.png */,
			);
			path = snapshots;
			sourceTree = "<group>";
		};
		A2ED5B5F2B8BC3D200C90C99 /* UnitTests */ = {
			isa = PBXGroup;
			children = (
				A2ED5B602B8BC3E500C90C99 /* CreateAccountUnitTests.swift */,
			);
			path = UnitTests;
			sourceTree = "<group>";
		};
		A2ED5B622B8BC76100C90C99 /* Helpers */ = {
			isa = PBXGroup;
			children = (
				A2ED5B632B8BEECA00C90C99 /* CreateAccount.xcstrings */,
				A2ED5B672B900D1400C90C99 /* CreateAccountConstant.swift */,
				A2672B342B9E12A9006A5634 /* AccountCreationValidationService.swift */,
			);
			path = Helpers;
			sourceTree = "<group>";
		};
		A2ED5B6B2B939AFB00C90C99 /* ViewModel */ = {
			isa = PBXGroup;
			children = (
				A2ED5B6C2B939B8900C90C99 /* HomeViewModel.swift */,
			);
			path = ViewModel;
			sourceTree = "<group>";
		};
		A2ED5B702B939ED400C90C99 /* API */ = {
			isa = PBXGroup;
			children = (
				A2ED5B712B939EE800C90C99 /* HomeAPIEndpoint.swift */,
			);
			path = API;
			sourceTree = "<group>";
		};
		A2ED5B732B992E3600C90C99 /* ViewModel */ = {
			isa = PBXGroup;
			children = (
				A2ED5B742B992E5400C90C99 /* RegistrationViewModel.swift */,
			);
			path = ViewModel;
			sourceTree = "<group>";
		};
/* End PBXGroup section */

/* Begin PBXNativeTarget section */
		A21BAD842B791322008D995C /* Decisive */ = {
			isa = PBXNativeTarget;
			buildConfigurationList = A21BADAF2B791324008D995C /* Build configuration list for PBXNativeTarget "Decisive" */;
			buildPhases = (
				A21BAD812B791322008D995C /* Sources */,
				A21BAD822B791322008D995C /* Frameworks */,
				A21BAD832B791322008D995C /* Resources */,
			);
			buildRules = (
			);
			dependencies = (
			);
			name = Decisive;
			productName = Decisive;
			productReference = A21BAD852B791322008D995C /* Decisive.app */;
			productType = "com.apple.product-type.application";
		};
		A21BAD9A2B791324008D995C /* DecisiveTests */ = {
			isa = PBXNativeTarget;
			buildConfigurationList = A21BADB22B791324008D995C /* Build configuration list for PBXNativeTarget "DecisiveTests" */;
			buildPhases = (
				A21BAD972B791324008D995C /* Sources */,
				A21BAD982B791324008D995C /* Frameworks */,
				A21BAD992B791324008D995C /* Resources */,
			);
			buildRules = (
			);
			dependencies = (
				A21BAD9D2B791324008D995C /* PBXTargetDependency */,
			);
			name = DecisiveTests;
			productName = DecisiveTests;
			productReference = A21BAD9B2B791324008D995C /* DecisiveTests.xctest */;
			productType = "com.apple.product-type.bundle.unit-test";
		};
		A21BADA42B791324008D995C /* DecisiveUITests */ = {
			isa = PBXNativeTarget;
			buildConfigurationList = A21BADB52B791324008D995C /* Build configuration list for PBXNativeTarget "DecisiveUITests" */;
			buildPhases = (
				A21BADA12B791324008D995C /* Sources */,
				A21BADA22B791324008D995C /* Frameworks */,
				A21BADA32B791324008D995C /* Resources */,
			);
			buildRules = (
			);
			dependencies = (
				A21BADA72B791324008D995C /* PBXTargetDependency */,
			);
			name = DecisiveUITests;
			productName = DecisiveUITests;
			productReference = A21BADA52B791324008D995C /* DecisiveUITests.xctest */;
			productType = "com.apple.product-type.bundle.ui-testing";
		};
/* End PBXNativeTarget section */

/* Begin PBXProject section */
		A21BAD7D2B791322008D995C /* Project object */ = {
			isa = PBXProject;
			attributes = {
				BuildIndependentTargetsInParallel = 1;
				LastSwiftUpdateCheck = 1520;
				LastUpgradeCheck = 1520;
				TargetAttributes = {
					A21BAD842B791322008D995C = {
						CreatedOnToolsVersion = 15.2;
					};
					A21BAD9A2B791324008D995C = {
						CreatedOnToolsVersion = 15.2;
						LastSwiftMigration = 1520;
						TestTargetID = A21BAD842B791322008D995C;
					};
					A21BADA42B791324008D995C = {
						CreatedOnToolsVersion = 15.2;
						LastSwiftMigration = 1520;
						TestTargetID = A21BAD842B791322008D995C;
					};
				};
			};
			buildConfigurationList = A21BAD802B791322008D995C /* Build configuration list for PBXProject "Decisive" */;
			compatibilityVersion = "Xcode 14.0";
			developmentRegion = en;
			hasScannedForEncodings = 0;
			knownRegions = (
				en,
				Base,
				es,
			);
			mainGroup = A21BAD7C2B791322008D995C;
			productRefGroup = A21BAD862B791322008D995C /* Products */;
			projectDirPath = "";
			projectRoot = "";
			targets = (
				A21BAD842B791322008D995C /* Decisive */,
				A21BAD9A2B791324008D995C /* DecisiveTests */,
				A21BADA42B791324008D995C /* DecisiveUITests */,
			);
		};
/* End PBXProject section */

/* Begin PBXResourcesBuildPhase section */
		A21BAD832B791322008D995C /* Resources */ = {
			isa = PBXResourcesBuildPhase;
			buildActionMask = 2147483647;
			files = (
				A21BAD952B791324008D995C /* LaunchScreen.storyboard in Resources */,
				A21BADDE2B79440D008D995C /* Colors.xcassets in Resources */,
				A21BAD922B791324008D995C /* Assets.xcassets in Resources */,
				A21BADC12B791CC8008D995C /* swiftgen.yml in Resources */,
				A2ED5B642B8BEECA00C90C99 /* CreateAccount.xcstrings in Resources */,
			);
			runOnlyForDeploymentPostprocessing = 0;
		};
		A21BAD992B791324008D995C /* Resources */ = {
			isa = PBXResourcesBuildPhase;
			buildActionMask = 2147483647;
			files = (
				A2ED5B522B8BC34C00C90C99 /* CREATE_ACCOUNT_DARK_VIEW_iPad.png in Resources */,
				A2ED5B532B8BC34C00C90C99 /* CREATE_ACCOUNT_LIGHT_VIEW_iPad.png in Resources */,
				A2ED5B552B8BC34C00C90C99 /* CREATE_ACCOUNT_LIGHT_VIEW_iPhone.png in Resources */,
				A2ED5B5B2B8BC35900C90C99 /* LOGIN_DARK_VIEW_iPhone.png in Resources */,
				A2ED5B5E2B8BC35900C90C99 /* LOGIN_DARK_VIEW_iPad.png in Resources */,
				A2ED5B5C2B8BC35900C90C99 /* LOGIN_LIGHT_VIEW_iPhone.png in Resources */,
				A2ED5B5D2B8BC35900C90C99 /* LOGIN_LIGHT_VIEW_iPad.png in Resources */,
				A2ED5B542B8BC34C00C90C99 /* CREATE_ACCOUNT_DARK_VIEW_iPhone.png in Resources */,
			);
			runOnlyForDeploymentPostprocessing = 0;
		};
		A21BADA32B791324008D995C /* Resources */ = {
			isa = PBXResourcesBuildPhase;
			buildActionMask = 2147483647;
			files = (
			);
			runOnlyForDeploymentPostprocessing = 0;
		};
/* End PBXResourcesBuildPhase section */

/* Begin PBXSourcesBuildPhase section */
		A21BAD812B791322008D995C /* Sources */ = {
			isa = PBXSourcesBuildPhase;
			buildActionMask = 2147483647;
			files = (
				A21BADDC2B79438F008D995C /* CustomTextField.swift in Sources */,
				A2ED5B752B992E5400C90C99 /* RegistrationViewModel.swift in Sources */,
				A2ED5B452B8BA29600C90C99 /* CreateAccountVC.swift in Sources */,
				A2672B2D2B9D4165006A5634 /* SplashScreenVC.swift in Sources */,
				A21BAD892B791322008D995C /* AppDelegate.swift in Sources */,
				A2ED5B6D2B939B8900C90C99 /* HomeViewModel.swift in Sources */,
				A21BAE012B7C6AB0008D995C /* LoginRouter.swift in Sources */,
				A21BADFE2B7C611B008D995C /* LoginUIComposer.swift in Sources */,
				A2672B382B9E1451006A5634 /* CreateAccountRouter.swift in Sources */,
				A21BADBC2B7918D7008D995C /* LoginVC.swift in Sources */,
				A2672B352B9E12A9006A5634 /* AccountCreationValidationService.swift in Sources */,
				A2672B332B9D4F06006A5634 /* AuthenticationViewModel.swift in Sources */,
				A2ED5B682B900D1400C90C99 /* CreateAccountConstant.swift in Sources */,
				A21BADF62B7B0AF9008D995C /* HomeVC.swift in Sources */,
				A21BADE82B79822A008D995C /* LoginAPIClient.swift in Sources */,
				A2672B302B9D4198006A5634 /* SplashScreenUIComposer.swift in Sources */,
				A21BADF02B79B36D008D995C /* UserProfile.swift in Sources */,
				A21BAD8B2B791322008D995C /* SceneDelegate.swift in Sources */,
				A2ED5B482B8BA46500C90C99 /* CustomLabelTextFieldView.swift in Sources */,
				A2ED5B722B939EE800C90C99 /* HomeAPIEndpoint.swift in Sources */,
				A2672B3B2B9E14F4006A5634 /* UIAlertAction+Extension.swift in Sources */,
				A21BADED2B798A49008D995C /* LoginEndpoint.swift in Sources */,
				A21BADFB2B7B0C1D008D995C /* LoginViewModel.swift in Sources */,
				A21BADE02B79459B008D995C /* CustomButton.swift in Sources */,
			);
			runOnlyForDeploymentPostprocessing = 0;
		};
		A21BAD972B791324008D995C /* Sources */ = {
			isa = PBXSourcesBuildPhase;
			buildActionMask = 2147483647;
			files = (
				A2672B412B9E83F9006A5634 /* RegistrationAPIServiceSpy.swift in Sources */,
				A21BADE52B797DC8008D995C /* LoginAPIClientStub.swift in Sources */,
				A21BADF82B7B0B9F008D995C /* MockNavigation.swift in Sources */,
				A2ED5B612B8BC3E500C90C99 /* CreateAccountUnitTests.swift in Sources */,
				A21BAE062B7DB6C7008D995C /* HomeIntegrationTests.swift in Sources */,
				A21BADEB2B798581008D995C /* LoginIntegrationTests.swift in Sources */,
				A21BADD52B792726008D995C /* XCTestCase+Snapshot.swift in Sources */,
				A2ED5B6A2B9017B800C90C99 /* Locaized+TestHelpers.swift in Sources */,
				A21BADD62B79272B008D995C /* UIViewController+Snapshot.swift in Sources */,
				A2672B3E2B9E834E006A5634 /* CreateAccountIntegrationTests.swift in Sources */,
				A2ED5B4C2B8BA90000C90C99 /* CreateAccountSnapshotTests.swift in Sources */,
				A21BADD42B792721008D995C /* LoginSnapshotTests.swift in Sources */,
			);
			runOnlyForDeploymentPostprocessing = 0;
		};
		A21BADA12B791324008D995C /* Sources */ = {
			isa = PBXSourcesBuildPhase;
			buildActionMask = 2147483647;
			files = (
				A21BADD82B7928C8008D995C /* DecisiveUITests.swift in Sources */,
			);
			runOnlyForDeploymentPostprocessing = 0;
		};
/* End PBXSourcesBuildPhase section */

/* Begin PBXTargetDependency section */
		A21BAD9D2B791324008D995C /* PBXTargetDependency */ = {
			isa = PBXTargetDependency;
			target = A21BAD842B791322008D995C /* Decisive */;
			targetProxy = A21BAD9C2B791324008D995C /* PBXContainerItemProxy */;
		};
		A21BADA72B791324008D995C /* PBXTargetDependency */ = {
			isa = PBXTargetDependency;
			target = A21BAD842B791322008D995C /* Decisive */;
			targetProxy = A21BADA62B791324008D995C /* PBXContainerItemProxy */;
		};
/* End PBXTargetDependency section */

/* Begin PBXVariantGroup section */
		A21BAD932B791324008D995C /* LaunchScreen.storyboard */ = {
			isa = PBXVariantGroup;
			children = (
				A21BAD942B791324008D995C /* Base */,
				A2ED5B652B8BEF4000C90C99 /* es */,
			);
			name = LaunchScreen.storyboard;
			sourceTree = "<group>";
		};
/* End PBXVariantGroup section */

/* Begin XCBuildConfiguration section */
		A21BADAD2B791324008D995C /* Debug */ = {
			isa = XCBuildConfiguration;
			buildSettings = {
				ALWAYS_SEARCH_USER_PATHS = NO;
				ASSETCATALOG_COMPILER_GENERATE_SWIFT_ASSET_SYMBOL_EXTENSIONS = YES;
				CLANG_ANALYZER_LOCALIZABILITY_NONLOCALIZED = YES;
				CLANG_ANALYZER_NONNULL = YES;
				CLANG_ANALYZER_NUMBER_OBJECT_CONVERSION = YES_AGGRESSIVE;
				CLANG_CXX_LANGUAGE_STANDARD = "gnu++20";
				CLANG_ENABLE_MODULES = YES;
				CLANG_ENABLE_OBJC_ARC = YES;
				CLANG_ENABLE_OBJC_WEAK = YES;
				CLANG_WARN_BLOCK_CAPTURE_AUTORELEASING = YES;
				CLANG_WARN_BOOL_CONVERSION = YES;
				CLANG_WARN_COMMA = YES;
				CLANG_WARN_CONSTANT_CONVERSION = YES;
				CLANG_WARN_DEPRECATED_OBJC_IMPLEMENTATIONS = YES;
				CLANG_WARN_DIRECT_OBJC_ISA_USAGE = YES_ERROR;
				CLANG_WARN_DOCUMENTATION_COMMENTS = YES;
				CLANG_WARN_EMPTY_BODY = YES;
				CLANG_WARN_ENUM_CONVERSION = YES;
				CLANG_WARN_INFINITE_RECURSION = YES;
				CLANG_WARN_INT_CONVERSION = YES;
				CLANG_WARN_NON_LITERAL_NULL_CONVERSION = YES;
				CLANG_WARN_OBJC_IMPLICIT_RETAIN_SELF = YES;
				CLANG_WARN_OBJC_LITERAL_CONVERSION = YES;
				CLANG_WARN_OBJC_ROOT_CLASS = YES_ERROR;
				CLANG_WARN_QUOTED_INCLUDE_IN_FRAMEWORK_HEADER = YES;
				CLANG_WARN_RANGE_LOOP_ANALYSIS = YES;
				CLANG_WARN_STRICT_PROTOTYPES = YES;
				CLANG_WARN_SUSPICIOUS_MOVE = YES;
				CLANG_WARN_UNGUARDED_AVAILABILITY = YES_AGGRESSIVE;
				CLANG_WARN_UNREACHABLE_CODE = YES;
				CLANG_WARN__DUPLICATE_METHOD_MATCH = YES;
				COPY_PHASE_STRIP = NO;
				DEBUG_INFORMATION_FORMAT = dwarf;
				ENABLE_STRICT_OBJC_MSGSEND = YES;
				ENABLE_TESTABILITY = YES;
				ENABLE_USER_SCRIPT_SANDBOXING = YES;
				GCC_C_LANGUAGE_STANDARD = gnu17;
				GCC_DYNAMIC_NO_PIC = NO;
				GCC_NO_COMMON_BLOCKS = YES;
				GCC_OPTIMIZATION_LEVEL = 0;
				GCC_PREPROCESSOR_DEFINITIONS = (
					"DEBUG=1",
					"$(inherited)",
				);
				GCC_WARN_64_TO_32_BIT_CONVERSION = YES;
				GCC_WARN_ABOUT_RETURN_TYPE = YES_ERROR;
				GCC_WARN_UNDECLARED_SELECTOR = YES;
				GCC_WARN_UNINITIALIZED_AUTOS = YES_AGGRESSIVE;
				GCC_WARN_UNUSED_FUNCTION = YES;
				GCC_WARN_UNUSED_VARIABLE = YES;
				IPHONEOS_DEPLOYMENT_TARGET = 17.2;
				LOCALIZATION_PREFERS_STRING_CATALOGS = YES;
				MTL_ENABLE_DEBUG_INFO = INCLUDE_SOURCE;
				MTL_FAST_MATH = YES;
				ONLY_ACTIVE_ARCH = YES;
				SDKROOT = iphoneos;
				SWIFT_ACTIVE_COMPILATION_CONDITIONS = "DEBUG $(inherited)";
				SWIFT_OPTIMIZATION_LEVEL = "-Onone";
			};
			name = Debug;
		};
		A21BADAE2B791324008D995C /* Release */ = {
			isa = XCBuildConfiguration;
			buildSettings = {
				ALWAYS_SEARCH_USER_PATHS = NO;
				ASSETCATALOG_COMPILER_GENERATE_SWIFT_ASSET_SYMBOL_EXTENSIONS = YES;
				CLANG_ANALYZER_LOCALIZABILITY_NONLOCALIZED = YES;
				CLANG_ANALYZER_NONNULL = YES;
				CLANG_ANALYZER_NUMBER_OBJECT_CONVERSION = YES_AGGRESSIVE;
				CLANG_CXX_LANGUAGE_STANDARD = "gnu++20";
				CLANG_ENABLE_MODULES = YES;
				CLANG_ENABLE_OBJC_ARC = YES;
				CLANG_ENABLE_OBJC_WEAK = YES;
				CLANG_WARN_BLOCK_CAPTURE_AUTORELEASING = YES;
				CLANG_WARN_BOOL_CONVERSION = YES;
				CLANG_WARN_COMMA = YES;
				CLANG_WARN_CONSTANT_CONVERSION = YES;
				CLANG_WARN_DEPRECATED_OBJC_IMPLEMENTATIONS = YES;
				CLANG_WARN_DIRECT_OBJC_ISA_USAGE = YES_ERROR;
				CLANG_WARN_DOCUMENTATION_COMMENTS = YES;
				CLANG_WARN_EMPTY_BODY = YES;
				CLANG_WARN_ENUM_CONVERSION = YES;
				CLANG_WARN_INFINITE_RECURSION = YES;
				CLANG_WARN_INT_CONVERSION = YES;
				CLANG_WARN_NON_LITERAL_NULL_CONVERSION = YES;
				CLANG_WARN_OBJC_IMPLICIT_RETAIN_SELF = YES;
				CLANG_WARN_OBJC_LITERAL_CONVERSION = YES;
				CLANG_WARN_OBJC_ROOT_CLASS = YES_ERROR;
				CLANG_WARN_QUOTED_INCLUDE_IN_FRAMEWORK_HEADER = YES;
				CLANG_WARN_RANGE_LOOP_ANALYSIS = YES;
				CLANG_WARN_STRICT_PROTOTYPES = YES;
				CLANG_WARN_SUSPICIOUS_MOVE = YES;
				CLANG_WARN_UNGUARDED_AVAILABILITY = YES_AGGRESSIVE;
				CLANG_WARN_UNREACHABLE_CODE = YES;
				CLANG_WARN__DUPLICATE_METHOD_MATCH = YES;
				COPY_PHASE_STRIP = NO;
				DEBUG_INFORMATION_FORMAT = "dwarf-with-dsym";
				ENABLE_NS_ASSERTIONS = NO;
				ENABLE_STRICT_OBJC_MSGSEND = YES;
				ENABLE_USER_SCRIPT_SANDBOXING = YES;
				GCC_C_LANGUAGE_STANDARD = gnu17;
				GCC_NO_COMMON_BLOCKS = YES;
				GCC_WARN_64_TO_32_BIT_CONVERSION = YES;
				GCC_WARN_ABOUT_RETURN_TYPE = YES_ERROR;
				GCC_WARN_UNDECLARED_SELECTOR = YES;
				GCC_WARN_UNINITIALIZED_AUTOS = YES_AGGRESSIVE;
				GCC_WARN_UNUSED_FUNCTION = YES;
				GCC_WARN_UNUSED_VARIABLE = YES;
				IPHONEOS_DEPLOYMENT_TARGET = 17.2;
				LOCALIZATION_PREFERS_STRING_CATALOGS = YES;
				MTL_ENABLE_DEBUG_INFO = NO;
				MTL_FAST_MATH = YES;
				SDKROOT = iphoneos;
				SWIFT_COMPILATION_MODE = wholemodule;
				VALIDATE_PRODUCT = YES;
			};
			name = Release;
		};
		A21BADB02B791324008D995C /* Debug */ = {
			isa = XCBuildConfiguration;
			buildSettings = {
				ASSETCATALOG_COMPILER_APPICON_NAME = AppIcon;
				ASSETCATALOG_COMPILER_GLOBAL_ACCENT_COLOR_NAME = AccentColor;
				CODE_SIGN_STYLE = Automatic;
				CURRENT_PROJECT_VERSION = 1;
				DEVELOPMENT_TEAM = A5T33ABXDL;
				GENERATE_INFOPLIST_FILE = YES;
				INFOPLIST_FILE = Decisive/SupportingFiles/Info.plist;
				INFOPLIST_KEY_UIApplicationSupportsIndirectInputEvents = YES;
				INFOPLIST_KEY_UILaunchStoryboardName = LaunchScreen;
				INFOPLIST_KEY_UISupportedInterfaceOrientations_iPad = "UIInterfaceOrientationPortrait UIInterfaceOrientationPortraitUpsideDown UIInterfaceOrientationLandscapeLeft UIInterfaceOrientationLandscapeRight";
				INFOPLIST_KEY_UISupportedInterfaceOrientations_iPhone = "UIInterfaceOrientationPortrait UIInterfaceOrientationLandscapeLeft UIInterfaceOrientationLandscapeRight";
				IPHONEOS_DEPLOYMENT_TARGET = 17.0;
				LD_RUNPATH_SEARCH_PATHS = (
					"$(inherited)",
					"@executable_path/Frameworks",
				);
				MARKETING_VERSION = 1.0;
				PRODUCT_BUNDLE_IDENTIFIER = sukhdev.Decisive;
				PRODUCT_NAME = "$(TARGET_NAME)";
				SWIFT_EMIT_LOC_STRINGS = YES;
				SWIFT_VERSION = 5.0;
				TARGETED_DEVICE_FAMILY = "1,2";
			};
			name = Debug;
		};
		A21BADB12B791324008D995C /* Release */ = {
			isa = XCBuildConfiguration;
			buildSettings = {
				ASSETCATALOG_COMPILER_APPICON_NAME = AppIcon;
				ASSETCATALOG_COMPILER_GLOBAL_ACCENT_COLOR_NAME = AccentColor;
				CODE_SIGN_STYLE = Automatic;
				CURRENT_PROJECT_VERSION = 1;
				DEVELOPMENT_TEAM = A5T33ABXDL;
				GENERATE_INFOPLIST_FILE = YES;
				INFOPLIST_FILE = Decisive/SupportingFiles/Info.plist;
				INFOPLIST_KEY_UIApplicationSupportsIndirectInputEvents = YES;
				INFOPLIST_KEY_UILaunchStoryboardName = LaunchScreen;
				INFOPLIST_KEY_UISupportedInterfaceOrientations_iPad = "UIInterfaceOrientationPortrait UIInterfaceOrientationPortraitUpsideDown UIInterfaceOrientationLandscapeLeft UIInterfaceOrientationLandscapeRight";
				INFOPLIST_KEY_UISupportedInterfaceOrientations_iPhone = "UIInterfaceOrientationPortrait UIInterfaceOrientationLandscapeLeft UIInterfaceOrientationLandscapeRight";
				IPHONEOS_DEPLOYMENT_TARGET = 17.0;
				LD_RUNPATH_SEARCH_PATHS = (
					"$(inherited)",
					"@executable_path/Frameworks",
				);
				MARKETING_VERSION = 1.0;
				PRODUCT_BUNDLE_IDENTIFIER = sukhdev.Decisive;
				PRODUCT_NAME = "$(TARGET_NAME)";
				SWIFT_EMIT_LOC_STRINGS = YES;
				SWIFT_VERSION = 5.0;
				TARGETED_DEVICE_FAMILY = "1,2";
			};
			name = Release;
		};
		A21BADB32B791324008D995C /* Debug */ = {
			isa = XCBuildConfiguration;
			buildSettings = {
				ALWAYS_EMBED_SWIFT_STANDARD_LIBRARIES = YES;
				BUNDLE_LOADER = "$(TEST_HOST)";
				CLANG_ENABLE_MODULES = YES;
				CODE_SIGN_STYLE = Automatic;
				CURRENT_PROJECT_VERSION = 1;
				DEVELOPMENT_TEAM = A5T33ABXDL;
				GENERATE_INFOPLIST_FILE = YES;
				IPHONEOS_DEPLOYMENT_TARGET = 17.2;
				MARKETING_VERSION = 1.0;
				PRODUCT_BUNDLE_IDENTIFIER = sukhdev.DecisiveTests;
				PRODUCT_NAME = "$(TARGET_NAME)";
				SWIFT_EMIT_LOC_STRINGS = NO;
				SWIFT_OPTIMIZATION_LEVEL = "-Onone";
				SWIFT_VERSION = 5.0;
				TARGETED_DEVICE_FAMILY = "1,2";
				TEST_HOST = "$(BUILT_PRODUCTS_DIR)/Decisive.app/$(BUNDLE_EXECUTABLE_FOLDER_PATH)/Decisive";
			};
			name = Debug;
		};
		A21BADB42B791324008D995C /* Release */ = {
			isa = XCBuildConfiguration;
			buildSettings = {
				ALWAYS_EMBED_SWIFT_STANDARD_LIBRARIES = YES;
				BUNDLE_LOADER = "$(TEST_HOST)";
				CLANG_ENABLE_MODULES = YES;
				CODE_SIGN_STYLE = Automatic;
				CURRENT_PROJECT_VERSION = 1;
				DEVELOPMENT_TEAM = A5T33ABXDL;
				GENERATE_INFOPLIST_FILE = YES;
				IPHONEOS_DEPLOYMENT_TARGET = 17.2;
				MARKETING_VERSION = 1.0;
				PRODUCT_BUNDLE_IDENTIFIER = sukhdev.DecisiveTests;
				PRODUCT_NAME = "$(TARGET_NAME)";
				SWIFT_EMIT_LOC_STRINGS = NO;
				SWIFT_VERSION = 5.0;
				TARGETED_DEVICE_FAMILY = "1,2";
				TEST_HOST = "$(BUILT_PRODUCTS_DIR)/Decisive.app/$(BUNDLE_EXECUTABLE_FOLDER_PATH)/Decisive";
			};
			name = Release;
		};
		A21BADB62B791324008D995C /* Debug */ = {
			isa = XCBuildConfiguration;
			buildSettings = {
				ALWAYS_EMBED_SWIFT_STANDARD_LIBRARIES = YES;
				CLANG_ENABLE_MODULES = YES;
				CODE_SIGN_STYLE = Automatic;
				CURRENT_PROJECT_VERSION = 1;
				DEVELOPMENT_TEAM = A5T33ABXDL;
				GENERATE_INFOPLIST_FILE = YES;
				MARKETING_VERSION = 1.0;
				PRODUCT_BUNDLE_IDENTIFIER = sukhdev.DecisiveUITests;
				PRODUCT_NAME = "$(TARGET_NAME)";
				SWIFT_EMIT_LOC_STRINGS = NO;
				SWIFT_OPTIMIZATION_LEVEL = "-Onone";
				SWIFT_VERSION = 5.0;
				TARGETED_DEVICE_FAMILY = "1,2";
				TEST_TARGET_NAME = Decisive;
			};
			name = Debug;
		};
		A21BADB72B791324008D995C /* Release */ = {
			isa = XCBuildConfiguration;
			buildSettings = {
				ALWAYS_EMBED_SWIFT_STANDARD_LIBRARIES = YES;
				CLANG_ENABLE_MODULES = YES;
				CODE_SIGN_STYLE = Automatic;
				CURRENT_PROJECT_VERSION = 1;
				DEVELOPMENT_TEAM = A5T33ABXDL;
				GENERATE_INFOPLIST_FILE = YES;
				MARKETING_VERSION = 1.0;
				PRODUCT_BUNDLE_IDENTIFIER = sukhdev.DecisiveUITests;
				PRODUCT_NAME = "$(TARGET_NAME)";
				SWIFT_EMIT_LOC_STRINGS = NO;
				SWIFT_VERSION = 5.0;
				TARGETED_DEVICE_FAMILY = "1,2";
				TEST_TARGET_NAME = Decisive;
			};
			name = Release;
		};
/* End XCBuildConfiguration section */

/* Begin XCConfigurationList section */
		A21BAD802B791322008D995C /* Build configuration list for PBXProject "Decisive" */ = {
			isa = XCConfigurationList;
			buildConfigurations = (
				A21BADAD2B791324008D995C /* Debug */,
				A21BADAE2B791324008D995C /* Release */,
			);
			defaultConfigurationIsVisible = 0;
			defaultConfigurationName = Release;
		};
		A21BADAF2B791324008D995C /* Build configuration list for PBXNativeTarget "Decisive" */ = {
			isa = XCConfigurationList;
			buildConfigurations = (
				A21BADB02B791324008D995C /* Debug */,
				A21BADB12B791324008D995C /* Release */,
			);
			defaultConfigurationIsVisible = 0;
			defaultConfigurationName = Release;
		};
		A21BADB22B791324008D995C /* Build configuration list for PBXNativeTarget "DecisiveTests" */ = {
			isa = XCConfigurationList;
			buildConfigurations = (
				A21BADB32B791324008D995C /* Debug */,
				A21BADB42B791324008D995C /* Release */,
			);
			defaultConfigurationIsVisible = 0;
			defaultConfigurationName = Release;
		};
		A21BADB52B791324008D995C /* Build configuration list for PBXNativeTarget "DecisiveUITests" */ = {
			isa = XCConfigurationList;
			buildConfigurations = (
				A21BADB62B791324008D995C /* Debug */,
				A21BADB72B791324008D995C /* Release */,
			);
			defaultConfigurationIsVisible = 0;
			defaultConfigurationName = Release;
		};
/* End XCConfigurationList section */
	};
	rootObject = A21BAD7D2B791322008D995C /* Project object */;
}
